
Microsoft Visual Studio Solution File, Format Version 12.00
# Visual Studio 15
VisualStudioVersion = 15.0.27004.2005
MinimumVisualStudioVersion = 14.0.25123.0
Project("{9A19103F-16F7-4668-BE54-9A1E7A4F7556}") = "TK.CustomMap", "TK.CustomMap\TK.CustomMap\TK.CustomMap.csproj", "{14C534B6-1984-41A9-A384-D3A5508588E3}"
EndProject
Project("{FAE04EC0-301F-11D3-BF4B-00C04F79EFBC}") = "TK.CustomMap.iOSUnified", "TK.CustomMap\TK.CustomMap.iOSUnified\TK.CustomMap.iOSUnified.csproj", "{D525F236-6A2D-4010-B1CC-4A4B8581C90B}"
EndProject
Project("{2150E333-8FDC-42A3-9474-1A3956D46DE8}") = "Sample", "Sample", "{1FDEEB2F-C0DF-4CBB-A587-627E54BC7B12}"
EndProject
Project("{9A19103F-16F7-4668-BE54-9A1E7A4F7556}") = "TK.CustomMap.Sample", "Sample\TK.CustomMap.Sample\TK.CustomMap.Sample\TK.CustomMap.Sample.csproj", "{D7D6B726-1808-42E4-AB74-0AE1EDB15093}"
EndProject
Project("{FAE04EC0-301F-11D3-BF4B-00C04F79EFBC}") = "TK.CustomMap.Sample.iOS", "Sample\TK.CustomMap.Sample\TK.CustomMap.Sample.iOS\TK.CustomMap.Sample.iOS.csproj", "{AEC1EF18-E62F-4DB0-B94D-4CBF9F191192}"
EndProject
Project("{2150E333-8FDC-42A3-9474-1A3956D46DE8}") = "Common", "Common", "{4BA2E698-66AC-425C-9F86-833DBE24B353}"
	ProjectSection(SolutionItems) = preProject
		TK.CustomMap.nuspec = TK.CustomMap.nuspec
	EndProjectSection
EndProject
Project("{FAE04EC0-301F-11D3-BF4B-00C04F79EFBC}") = "TK.CustomMap.Sample.Droid", "Sample\TK.CustomMap.Sample\TK.CustomMap.Sample.Droid\TK.CustomMap.Sample.Droid.csproj", "{5AA8381E-2CC7-46FD-93A2-00B03041F113}"
EndProject
Project("{FAE04EC0-301F-11D3-BF4B-00C04F79EFBC}") = "TK.CustomMap.Android", "TK.CustomMap\TK.CustomMap.Android\TK.CustomMap.Android.csproj", "{AD2D2DB4-E781-4CF1-9B62-3AAD264F196D}"
EndProject
Project("{2150E333-8FDC-42A3-9474-1A3956D46DE8}") = "CalloutSample", "CalloutSample", "{FD06838B-272E-4D86-A96C-F1ADEF6BF7B3}"
EndProject
Project("{FAE04EC0-301F-11D3-BF4B-00C04F79EFBC}") = "CalloutSample.Droid", "CalloutSample\CalloutSample.Droid\CalloutSample.Droid.csproj", "{F15C3EBC-E31F-44D3-8E58-6B72A7328870}"
EndProject
Project("{FAE04EC0-301F-11D3-BF4B-00C04F79EFBC}") = "CalloutSample.iOS", "CalloutSample\CalloutSample.iOS\CalloutSample.iOS.csproj", "{83059F12-4C47-4811-AB79-3478800B3B5B}"
EndProject
Project("{9A19103F-16F7-4668-BE54-9A1E7A4F7556}") = "CalloutSample", "CalloutSample\CalloutSample\CalloutSample.csproj", "{670FB941-50C7-4B12-8C2A-2C529A8D0BC5}"
EndProject
Project("{FAE04EC0-301F-11D3-BF4B-00C04F79EFBC}") = "TK.CustomMap.UWP", "TK.CustomMap\TK.CustomMap.UWP\TK.CustomMap.UWP.csproj", "{2F5AB4AE-2A2F-4700-A05B-FF2F96212581}"
EndProject
Project("{FAE04EC0-301F-11D3-BF4B-00C04F79EFBC}") = "TK.CustomMap.Sample.UWP", "Sample\TK.CustomMap.Sample\TK.CustomMap.Sample.UWP\TK.CustomMap.Sample.UWP.csproj", "{D6CB4C2F-5F40-4D76-8C5C-6453ED829743}"
EndProject
Global
	GlobalSection(SolutionConfigurationPlatforms) = preSolution
		Ad-Hoc|Any CPU = Ad-Hoc|Any CPU
		Ad-Hoc|ARM = Ad-Hoc|ARM
		Ad-Hoc|iPhone = Ad-Hoc|iPhone
		Ad-Hoc|iPhoneSimulator = Ad-Hoc|iPhoneSimulator
		Ad-Hoc|Mixed Platforms = Ad-Hoc|Mixed Platforms
		Ad-Hoc|x64 = Ad-Hoc|x64
		Ad-Hoc|x86 = Ad-Hoc|x86
		AppStore|Any CPU = AppStore|Any CPU
		AppStore|ARM = AppStore|ARM
		AppStore|iPhone = AppStore|iPhone
		AppStore|iPhoneSimulator = AppStore|iPhoneSimulator
		AppStore|Mixed Platforms = AppStore|Mixed Platforms
		AppStore|x64 = AppStore|x64
		AppStore|x86 = AppStore|x86
		AppVeyor|Any CPU = AppVeyor|Any CPU
		AppVeyor|ARM = AppVeyor|ARM
		AppVeyor|iPhone = AppVeyor|iPhone
		AppVeyor|iPhoneSimulator = AppVeyor|iPhoneSimulator
		AppVeyor|Mixed Platforms = AppVeyor|Mixed Platforms
		AppVeyor|x64 = AppVeyor|x64
		AppVeyor|x86 = AppVeyor|x86
		Debug|Any CPU = Debug|Any CPU
		Debug|ARM = Debug|ARM
		Debug|iPhone = Debug|iPhone
		Debug|iPhoneSimulator = Debug|iPhoneSimulator
		Debug|Mixed Platforms = Debug|Mixed Platforms
		Debug|x64 = Debug|x64
		Debug|x86 = Debug|x86
		Release|Any CPU = Release|Any CPU
		Release|ARM = Release|ARM
		Release|iPhone = Release|iPhone
		Release|iPhoneSimulator = Release|iPhoneSimulator
		Release|Mixed Platforms = Release|Mixed Platforms
		Release|x64 = Release|x64
		Release|x86 = Release|x86
	EndGlobalSection
	GlobalSection(ProjectConfigurationPlatforms) = postSolution
		{14C534B6-1984-41A9-A384-D3A5508588E3}.Ad-Hoc|Any CPU.ActiveCfg = Release|Any CPU
		{14C534B6-1984-41A9-A384-D3A5508588E3}.Ad-Hoc|Any CPU.Build.0 = Release|Any CPU
		{14C534B6-1984-41A9-A384-D3A5508588E3}.Ad-Hoc|ARM.ActiveCfg = Debug|Any CPU
		{14C534B6-1984-41A9-A384-D3A5508588E3}.Ad-Hoc|ARM.Build.0 = Debug|Any CPU
		{14C534B6-1984-41A9-A384-D3A5508588E3}.Ad-Hoc|iPhone.ActiveCfg = Release|Any CPU
		{14C534B6-1984-41A9-A384-D3A5508588E3}.Ad-Hoc|iPhoneSimulator.ActiveCfg = Release|Any CPU
		{14C534B6-1984-41A9-A384-D3A5508588E3}.Ad-Hoc|Mixed Platforms.ActiveCfg = Release|Any CPU
		{14C534B6-1984-41A9-A384-D3A5508588E3}.Ad-Hoc|Mixed Platforms.Build.0 = Release|Any CPU
		{14C534B6-1984-41A9-A384-D3A5508588E3}.Ad-Hoc|x64.ActiveCfg = Debug|Any CPU
		{14C534B6-1984-41A9-A384-D3A5508588E3}.Ad-Hoc|x64.Build.0 = Debug|Any CPU
		{14C534B6-1984-41A9-A384-D3A5508588E3}.Ad-Hoc|x86.ActiveCfg = Debug|Any CPU
		{14C534B6-1984-41A9-A384-D3A5508588E3}.Ad-Hoc|x86.Build.0 = Debug|Any CPU
		{14C534B6-1984-41A9-A384-D3A5508588E3}.AppStore|Any CPU.ActiveCfg = Release|Any CPU
		{14C534B6-1984-41A9-A384-D3A5508588E3}.AppStore|Any CPU.Build.0 = Release|Any CPU
		{14C534B6-1984-41A9-A384-D3A5508588E3}.AppStore|ARM.ActiveCfg = Debug|Any CPU
		{14C534B6-1984-41A9-A384-D3A5508588E3}.AppStore|ARM.Build.0 = Debug|Any CPU
		{14C534B6-1984-41A9-A384-D3A5508588E3}.AppStore|iPhone.ActiveCfg = Release|Any CPU
		{14C534B6-1984-41A9-A384-D3A5508588E3}.AppStore|iPhoneSimulator.ActiveCfg = Release|Any CPU
		{14C534B6-1984-41A9-A384-D3A5508588E3}.AppStore|Mixed Platforms.ActiveCfg = Release|Any CPU
		{14C534B6-1984-41A9-A384-D3A5508588E3}.AppStore|Mixed Platforms.Build.0 = Release|Any CPU
		{14C534B6-1984-41A9-A384-D3A5508588E3}.AppStore|x64.ActiveCfg = Debug|Any CPU
		{14C534B6-1984-41A9-A384-D3A5508588E3}.AppStore|x64.Build.0 = Debug|Any CPU
		{14C534B6-1984-41A9-A384-D3A5508588E3}.AppStore|x86.ActiveCfg = Debug|Any CPU
		{14C534B6-1984-41A9-A384-D3A5508588E3}.AppStore|x86.Build.0 = Debug|Any CPU
		{14C534B6-1984-41A9-A384-D3A5508588E3}.AppVeyor|Any CPU.ActiveCfg = AppVeyor|Any CPU
		{14C534B6-1984-41A9-A384-D3A5508588E3}.AppVeyor|Any CPU.Build.0 = AppVeyor|Any CPU
		{14C534B6-1984-41A9-A384-D3A5508588E3}.AppVeyor|ARM.ActiveCfg = AppVeyor|Any CPU
		{14C534B6-1984-41A9-A384-D3A5508588E3}.AppVeyor|ARM.Build.0 = AppVeyor|Any CPU
		{14C534B6-1984-41A9-A384-D3A5508588E3}.AppVeyor|iPhone.ActiveCfg = AppVeyor|Any CPU
		{14C534B6-1984-41A9-A384-D3A5508588E3}.AppVeyor|iPhone.Build.0 = AppVeyor|Any CPU
		{14C534B6-1984-41A9-A384-D3A5508588E3}.AppVeyor|iPhoneSimulator.ActiveCfg = AppVeyor|Any CPU
		{14C534B6-1984-41A9-A384-D3A5508588E3}.AppVeyor|iPhoneSimulator.Build.0 = AppVeyor|Any CPU
		{14C534B6-1984-41A9-A384-D3A5508588E3}.AppVeyor|Mixed Platforms.ActiveCfg = AppVeyor|Any CPU
		{14C534B6-1984-41A9-A384-D3A5508588E3}.AppVeyor|Mixed Platforms.Build.0 = AppVeyor|Any CPU
		{14C534B6-1984-41A9-A384-D3A5508588E3}.AppVeyor|x64.ActiveCfg = AppVeyor|Any CPU
		{14C534B6-1984-41A9-A384-D3A5508588E3}.AppVeyor|x64.Build.0 = AppVeyor|Any CPU
		{14C534B6-1984-41A9-A384-D3A5508588E3}.AppVeyor|x86.ActiveCfg = AppVeyor|Any CPU
		{14C534B6-1984-41A9-A384-D3A5508588E3}.AppVeyor|x86.Build.0 = AppVeyor|Any CPU
		{14C534B6-1984-41A9-A384-D3A5508588E3}.Debug|Any CPU.ActiveCfg = Debug|Any CPU
		{14C534B6-1984-41A9-A384-D3A5508588E3}.Debug|Any CPU.Build.0 = Debug|Any CPU
		{14C534B6-1984-41A9-A384-D3A5508588E3}.Debug|ARM.ActiveCfg = Debug|Any CPU
		{14C534B6-1984-41A9-A384-D3A5508588E3}.Debug|ARM.Build.0 = Debug|Any CPU
		{14C534B6-1984-41A9-A384-D3A5508588E3}.Debug|iPhone.ActiveCfg = Debug|Any CPU
		{14C534B6-1984-41A9-A384-D3A5508588E3}.Debug|iPhone.Build.0 = Debug|Any CPU
		{14C534B6-1984-41A9-A384-D3A5508588E3}.Debug|iPhoneSimulator.ActiveCfg = Debug|Any CPU
		{14C534B6-1984-41A9-A384-D3A5508588E3}.Debug|iPhoneSimulator.Build.0 = Debug|Any CPU
		{14C534B6-1984-41A9-A384-D3A5508588E3}.Debug|Mixed Platforms.ActiveCfg = Debug|Any CPU
		{14C534B6-1984-41A9-A384-D3A5508588E3}.Debug|Mixed Platforms.Build.0 = Debug|Any CPU
		{14C534B6-1984-41A9-A384-D3A5508588E3}.Debug|x64.ActiveCfg = Debug|Any CPU
		{14C534B6-1984-41A9-A384-D3A5508588E3}.Debug|x64.Build.0 = Debug|Any CPU
		{14C534B6-1984-41A9-A384-D3A5508588E3}.Debug|x86.ActiveCfg = Debug|Any CPU
		{14C534B6-1984-41A9-A384-D3A5508588E3}.Debug|x86.Build.0 = Debug|Any CPU
		{14C534B6-1984-41A9-A384-D3A5508588E3}.Release|Any CPU.ActiveCfg = Release|Any CPU
		{14C534B6-1984-41A9-A384-D3A5508588E3}.Release|Any CPU.Build.0 = Release|Any CPU
		{14C534B6-1984-41A9-A384-D3A5508588E3}.Release|ARM.ActiveCfg = Release|Any CPU
		{14C534B6-1984-41A9-A384-D3A5508588E3}.Release|ARM.Build.0 = Release|Any CPU
		{14C534B6-1984-41A9-A384-D3A5508588E3}.Release|iPhone.ActiveCfg = Release|Any CPU
		{14C534B6-1984-41A9-A384-D3A5508588E3}.Release|iPhoneSimulator.ActiveCfg = Release|Any CPU
		{14C534B6-1984-41A9-A384-D3A5508588E3}.Release|Mixed Platforms.ActiveCfg = Release|Any CPU
		{14C534B6-1984-41A9-A384-D3A5508588E3}.Release|Mixed Platforms.Build.0 = Release|Any CPU
		{14C534B6-1984-41A9-A384-D3A5508588E3}.Release|x64.ActiveCfg = Release|Any CPU
		{14C534B6-1984-41A9-A384-D3A5508588E3}.Release|x64.Build.0 = Release|Any CPU
		{14C534B6-1984-41A9-A384-D3A5508588E3}.Release|x86.ActiveCfg = Release|Any CPU
		{14C534B6-1984-41A9-A384-D3A5508588E3}.Release|x86.Build.0 = Release|Any CPU
		{D525F236-6A2D-4010-B1CC-4A4B8581C90B}.Ad-Hoc|Any CPU.ActiveCfg = Release|Any CPU
		{D525F236-6A2D-4010-B1CC-4A4B8581C90B}.Ad-Hoc|Any CPU.Build.0 = Release|Any CPU
		{D525F236-6A2D-4010-B1CC-4A4B8581C90B}.Ad-Hoc|ARM.ActiveCfg = Debug|Any CPU
		{D525F236-6A2D-4010-B1CC-4A4B8581C90B}.Ad-Hoc|ARM.Build.0 = Debug|Any CPU
		{D525F236-6A2D-4010-B1CC-4A4B8581C90B}.Ad-Hoc|iPhone.ActiveCfg = Release|Any CPU
		{D525F236-6A2D-4010-B1CC-4A4B8581C90B}.Ad-Hoc|iPhoneSimulator.ActiveCfg = Release|Any CPU
		{D525F236-6A2D-4010-B1CC-4A4B8581C90B}.Ad-Hoc|Mixed Platforms.ActiveCfg = Release|Any CPU
		{D525F236-6A2D-4010-B1CC-4A4B8581C90B}.Ad-Hoc|Mixed Platforms.Build.0 = Release|Any CPU
		{D525F236-6A2D-4010-B1CC-4A4B8581C90B}.Ad-Hoc|x64.ActiveCfg = Debug|Any CPU
		{D525F236-6A2D-4010-B1CC-4A4B8581C90B}.Ad-Hoc|x64.Build.0 = Debug|Any CPU
		{D525F236-6A2D-4010-B1CC-4A4B8581C90B}.Ad-Hoc|x86.ActiveCfg = Debug|Any CPU
		{D525F236-6A2D-4010-B1CC-4A4B8581C90B}.Ad-Hoc|x86.Build.0 = Debug|Any CPU
		{D525F236-6A2D-4010-B1CC-4A4B8581C90B}.AppStore|Any CPU.ActiveCfg = Release|Any CPU
		{D525F236-6A2D-4010-B1CC-4A4B8581C90B}.AppStore|Any CPU.Build.0 = Release|Any CPU
		{D525F236-6A2D-4010-B1CC-4A4B8581C90B}.AppStore|ARM.ActiveCfg = Debug|Any CPU
		{D525F236-6A2D-4010-B1CC-4A4B8581C90B}.AppStore|ARM.Build.0 = Debug|Any CPU
		{D525F236-6A2D-4010-B1CC-4A4B8581C90B}.AppStore|iPhone.ActiveCfg = Release|Any CPU
		{D525F236-6A2D-4010-B1CC-4A4B8581C90B}.AppStore|iPhoneSimulator.ActiveCfg = Release|Any CPU
		{D525F236-6A2D-4010-B1CC-4A4B8581C90B}.AppStore|Mixed Platforms.ActiveCfg = Release|Any CPU
		{D525F236-6A2D-4010-B1CC-4A4B8581C90B}.AppStore|Mixed Platforms.Build.0 = Release|Any CPU
		{D525F236-6A2D-4010-B1CC-4A4B8581C90B}.AppStore|x64.ActiveCfg = Debug|Any CPU
		{D525F236-6A2D-4010-B1CC-4A4B8581C90B}.AppStore|x64.Build.0 = Debug|Any CPU
		{D525F236-6A2D-4010-B1CC-4A4B8581C90B}.AppStore|x86.ActiveCfg = Debug|Any CPU
		{D525F236-6A2D-4010-B1CC-4A4B8581C90B}.AppStore|x86.Build.0 = Debug|Any CPU
		{D525F236-6A2D-4010-B1CC-4A4B8581C90B}.AppVeyor|Any CPU.ActiveCfg = AppVeyor|Any CPU
		{D525F236-6A2D-4010-B1CC-4A4B8581C90B}.AppVeyor|Any CPU.Build.0 = AppVeyor|Any CPU
		{D525F236-6A2D-4010-B1CC-4A4B8581C90B}.AppVeyor|ARM.ActiveCfg = AppVeyor|Any CPU
		{D525F236-6A2D-4010-B1CC-4A4B8581C90B}.AppVeyor|ARM.Build.0 = AppVeyor|Any CPU
		{D525F236-6A2D-4010-B1CC-4A4B8581C90B}.AppVeyor|iPhone.ActiveCfg = AppVeyor|Any CPU
		{D525F236-6A2D-4010-B1CC-4A4B8581C90B}.AppVeyor|iPhone.Build.0 = AppVeyor|Any CPU
		{D525F236-6A2D-4010-B1CC-4A4B8581C90B}.AppVeyor|iPhoneSimulator.ActiveCfg = AppVeyor|Any CPU
		{D525F236-6A2D-4010-B1CC-4A4B8581C90B}.AppVeyor|iPhoneSimulator.Build.0 = AppVeyor|Any CPU
		{D525F236-6A2D-4010-B1CC-4A4B8581C90B}.AppVeyor|Mixed Platforms.ActiveCfg = AppVeyor|Any CPU
		{D525F236-6A2D-4010-B1CC-4A4B8581C90B}.AppVeyor|Mixed Platforms.Build.0 = AppVeyor|Any CPU
		{D525F236-6A2D-4010-B1CC-4A4B8581C90B}.AppVeyor|x64.ActiveCfg = AppVeyor|Any CPU
		{D525F236-6A2D-4010-B1CC-4A4B8581C90B}.AppVeyor|x64.Build.0 = AppVeyor|Any CPU
		{D525F236-6A2D-4010-B1CC-4A4B8581C90B}.AppVeyor|x86.ActiveCfg = AppVeyor|Any CPU
		{D525F236-6A2D-4010-B1CC-4A4B8581C90B}.AppVeyor|x86.Build.0 = AppVeyor|Any CPU
		{D525F236-6A2D-4010-B1CC-4A4B8581C90B}.Debug|Any CPU.ActiveCfg = Debug|Any CPU
		{D525F236-6A2D-4010-B1CC-4A4B8581C90B}.Debug|Any CPU.Build.0 = Debug|Any CPU
		{D525F236-6A2D-4010-B1CC-4A4B8581C90B}.Debug|ARM.ActiveCfg = Debug|Any CPU
		{D525F236-6A2D-4010-B1CC-4A4B8581C90B}.Debug|ARM.Build.0 = Debug|Any CPU
		{D525F236-6A2D-4010-B1CC-4A4B8581C90B}.Debug|iPhone.ActiveCfg = Debug|Any CPU
		{D525F236-6A2D-4010-B1CC-4A4B8581C90B}.Debug|iPhone.Build.0 = Debug|Any CPU
		{D525F236-6A2D-4010-B1CC-4A4B8581C90B}.Debug|iPhoneSimulator.ActiveCfg = Debug|Any CPU
		{D525F236-6A2D-4010-B1CC-4A4B8581C90B}.Debug|iPhoneSimulator.Build.0 = Debug|Any CPU
		{D525F236-6A2D-4010-B1CC-4A4B8581C90B}.Debug|Mixed Platforms.ActiveCfg = Debug|Any CPU
		{D525F236-6A2D-4010-B1CC-4A4B8581C90B}.Debug|Mixed Platforms.Build.0 = Debug|Any CPU
		{D525F236-6A2D-4010-B1CC-4A4B8581C90B}.Debug|x64.ActiveCfg = Debug|Any CPU
		{D525F236-6A2D-4010-B1CC-4A4B8581C90B}.Debug|x64.Build.0 = Debug|Any CPU
		{D525F236-6A2D-4010-B1CC-4A4B8581C90B}.Debug|x86.ActiveCfg = Debug|Any CPU
		{D525F236-6A2D-4010-B1CC-4A4B8581C90B}.Debug|x86.Build.0 = Debug|Any CPU
		{D525F236-6A2D-4010-B1CC-4A4B8581C90B}.Release|Any CPU.ActiveCfg = Release|Any CPU
		{D525F236-6A2D-4010-B1CC-4A4B8581C90B}.Release|Any CPU.Build.0 = Release|Any CPU
		{D525F236-6A2D-4010-B1CC-4A4B8581C90B}.Release|ARM.ActiveCfg = Release|Any CPU
		{D525F236-6A2D-4010-B1CC-4A4B8581C90B}.Release|ARM.Build.0 = Release|Any CPU
		{D525F236-6A2D-4010-B1CC-4A4B8581C90B}.Release|iPhone.ActiveCfg = Release|Any CPU
		{D525F236-6A2D-4010-B1CC-4A4B8581C90B}.Release|iPhoneSimulator.ActiveCfg = Release|Any CPU
		{D525F236-6A2D-4010-B1CC-4A4B8581C90B}.Release|Mixed Platforms.ActiveCfg = Release|Any CPU
		{D525F236-6A2D-4010-B1CC-4A4B8581C90B}.Release|Mixed Platforms.Build.0 = Release|Any CPU
		{D525F236-6A2D-4010-B1CC-4A4B8581C90B}.Release|x64.ActiveCfg = Release|Any CPU
		{D525F236-6A2D-4010-B1CC-4A4B8581C90B}.Release|x64.Build.0 = Release|Any CPU
		{D525F236-6A2D-4010-B1CC-4A4B8581C90B}.Release|x86.ActiveCfg = Release|Any CPU
		{D525F236-6A2D-4010-B1CC-4A4B8581C90B}.Release|x86.Build.0 = Release|Any CPU
		{D7D6B726-1808-42E4-AB74-0AE1EDB15093}.Ad-Hoc|Any CPU.ActiveCfg = Release|Any CPU
		{D7D6B726-1808-42E4-AB74-0AE1EDB15093}.Ad-Hoc|Any CPU.Build.0 = Release|Any CPU
		{D7D6B726-1808-42E4-AB74-0AE1EDB15093}.Ad-Hoc|ARM.ActiveCfg = Debug|Any CPU
		{D7D6B726-1808-42E4-AB74-0AE1EDB15093}.Ad-Hoc|ARM.Build.0 = Debug|Any CPU
		{D7D6B726-1808-42E4-AB74-0AE1EDB15093}.Ad-Hoc|iPhone.ActiveCfg = Release|Any CPU
		{D7D6B726-1808-42E4-AB74-0AE1EDB15093}.Ad-Hoc|iPhoneSimulator.ActiveCfg = Release|Any CPU
		{D7D6B726-1808-42E4-AB74-0AE1EDB15093}.Ad-Hoc|Mixed Platforms.ActiveCfg = Release|Any CPU
		{D7D6B726-1808-42E4-AB74-0AE1EDB15093}.Ad-Hoc|Mixed Platforms.Build.0 = Release|Any CPU
		{D7D6B726-1808-42E4-AB74-0AE1EDB15093}.Ad-Hoc|x64.ActiveCfg = Debug|Any CPU
		{D7D6B726-1808-42E4-AB74-0AE1EDB15093}.Ad-Hoc|x64.Build.0 = Debug|Any CPU
		{D7D6B726-1808-42E4-AB74-0AE1EDB15093}.Ad-Hoc|x86.ActiveCfg = Debug|Any CPU
		{D7D6B726-1808-42E4-AB74-0AE1EDB15093}.Ad-Hoc|x86.Build.0 = Debug|Any CPU
		{D7D6B726-1808-42E4-AB74-0AE1EDB15093}.AppStore|Any CPU.ActiveCfg = Release|Any CPU
		{D7D6B726-1808-42E4-AB74-0AE1EDB15093}.AppStore|Any CPU.Build.0 = Release|Any CPU
		{D7D6B726-1808-42E4-AB74-0AE1EDB15093}.AppStore|ARM.ActiveCfg = Debug|Any CPU
		{D7D6B726-1808-42E4-AB74-0AE1EDB15093}.AppStore|ARM.Build.0 = Debug|Any CPU
		{D7D6B726-1808-42E4-AB74-0AE1EDB15093}.AppStore|iPhone.ActiveCfg = Release|Any CPU
		{D7D6B726-1808-42E4-AB74-0AE1EDB15093}.AppStore|iPhoneSimulator.ActiveCfg = Release|Any CPU
		{D7D6B726-1808-42E4-AB74-0AE1EDB15093}.AppStore|Mixed Platforms.ActiveCfg = Release|Any CPU
		{D7D6B726-1808-42E4-AB74-0AE1EDB15093}.AppStore|Mixed Platforms.Build.0 = Release|Any CPU
		{D7D6B726-1808-42E4-AB74-0AE1EDB15093}.AppStore|x64.ActiveCfg = Debug|Any CPU
		{D7D6B726-1808-42E4-AB74-0AE1EDB15093}.AppStore|x64.Build.0 = Debug|Any CPU
		{D7D6B726-1808-42E4-AB74-0AE1EDB15093}.AppStore|x86.ActiveCfg = Debug|Any CPU
		{D7D6B726-1808-42E4-AB74-0AE1EDB15093}.AppStore|x86.Build.0 = Debug|Any CPU
		{D7D6B726-1808-42E4-AB74-0AE1EDB15093}.AppVeyor|Any CPU.ActiveCfg = AppVeyor|Any CPU
		{D7D6B726-1808-42E4-AB74-0AE1EDB15093}.AppVeyor|ARM.ActiveCfg = AppVeyor|Any CPU
		{D7D6B726-1808-42E4-AB74-0AE1EDB15093}.AppVeyor|ARM.Build.0 = AppVeyor|Any CPU
		{D7D6B726-1808-42E4-AB74-0AE1EDB15093}.AppVeyor|iPhone.ActiveCfg = AppVeyor|Any CPU
		{D7D6B726-1808-42E4-AB74-0AE1EDB15093}.AppVeyor|iPhone.Build.0 = AppVeyor|Any CPU
		{D7D6B726-1808-42E4-AB74-0AE1EDB15093}.AppVeyor|iPhoneSimulator.ActiveCfg = AppVeyor|Any CPU
		{D7D6B726-1808-42E4-AB74-0AE1EDB15093}.AppVeyor|iPhoneSimulator.Build.0 = AppVeyor|Any CPU
		{D7D6B726-1808-42E4-AB74-0AE1EDB15093}.AppVeyor|Mixed Platforms.ActiveCfg = AppVeyor|Any CPU
		{D7D6B726-1808-42E4-AB74-0AE1EDB15093}.AppVeyor|Mixed Platforms.Build.0 = AppVeyor|Any CPU
		{D7D6B726-1808-42E4-AB74-0AE1EDB15093}.AppVeyor|x64.ActiveCfg = AppVeyor|Any CPU
		{D7D6B726-1808-42E4-AB74-0AE1EDB15093}.AppVeyor|x64.Build.0 = AppVeyor|Any CPU
		{D7D6B726-1808-42E4-AB74-0AE1EDB15093}.AppVeyor|x86.ActiveCfg = AppVeyor|Any CPU
		{D7D6B726-1808-42E4-AB74-0AE1EDB15093}.AppVeyor|x86.Build.0 = AppVeyor|Any CPU
		{D7D6B726-1808-42E4-AB74-0AE1EDB15093}.Debug|Any CPU.ActiveCfg = Debug|Any CPU
		{D7D6B726-1808-42E4-AB74-0AE1EDB15093}.Debug|Any CPU.Build.0 = Debug|Any CPU
		{D7D6B726-1808-42E4-AB74-0AE1EDB15093}.Debug|ARM.ActiveCfg = Debug|Any CPU
		{D7D6B726-1808-42E4-AB74-0AE1EDB15093}.Debug|ARM.Build.0 = Debug|Any CPU
		{D7D6B726-1808-42E4-AB74-0AE1EDB15093}.Debug|iPhone.ActiveCfg = Debug|Any CPU
		{D7D6B726-1808-42E4-AB74-0AE1EDB15093}.Debug|iPhone.Build.0 = Debug|Any CPU
		{D7D6B726-1808-42E4-AB74-0AE1EDB15093}.Debug|iPhoneSimulator.ActiveCfg = Debug|Any CPU
		{D7D6B726-1808-42E4-AB74-0AE1EDB15093}.Debug|iPhoneSimulator.Build.0 = Debug|Any CPU
		{D7D6B726-1808-42E4-AB74-0AE1EDB15093}.Debug|Mixed Platforms.ActiveCfg = Debug|Any CPU
		{D7D6B726-1808-42E4-AB74-0AE1EDB15093}.Debug|Mixed Platforms.Build.0 = Debug|Any CPU
		{D7D6B726-1808-42E4-AB74-0AE1EDB15093}.Debug|x64.ActiveCfg = Debug|Any CPU
		{D7D6B726-1808-42E4-AB74-0AE1EDB15093}.Debug|x64.Build.0 = Debug|Any CPU
		{D7D6B726-1808-42E4-AB74-0AE1EDB15093}.Debug|x86.ActiveCfg = Debug|Any CPU
		{D7D6B726-1808-42E4-AB74-0AE1EDB15093}.Debug|x86.Build.0 = Debug|Any CPU
		{D7D6B726-1808-42E4-AB74-0AE1EDB15093}.Release|Any CPU.ActiveCfg = Release|Any CPU
		{D7D6B726-1808-42E4-AB74-0AE1EDB15093}.Release|Any CPU.Build.0 = Release|Any CPU
		{D7D6B726-1808-42E4-AB74-0AE1EDB15093}.Release|ARM.ActiveCfg = Release|Any CPU
		{D7D6B726-1808-42E4-AB74-0AE1EDB15093}.Release|ARM.Build.0 = Release|Any CPU
		{D7D6B726-1808-42E4-AB74-0AE1EDB15093}.Release|iPhone.ActiveCfg = Release|Any CPU
		{D7D6B726-1808-42E4-AB74-0AE1EDB15093}.Release|iPhoneSimulator.ActiveCfg = Release|Any CPU
		{D7D6B726-1808-42E4-AB74-0AE1EDB15093}.Release|Mixed Platforms.ActiveCfg = Release|Any CPU
		{D7D6B726-1808-42E4-AB74-0AE1EDB15093}.Release|Mixed Platforms.Build.0 = Release|Any CPU
		{D7D6B726-1808-42E4-AB74-0AE1EDB15093}.Release|x64.ActiveCfg = Release|Any CPU
		{D7D6B726-1808-42E4-AB74-0AE1EDB15093}.Release|x64.Build.0 = Release|Any CPU
		{D7D6B726-1808-42E4-AB74-0AE1EDB15093}.Release|x86.ActiveCfg = Release|Any CPU
		{D7D6B726-1808-42E4-AB74-0AE1EDB15093}.Release|x86.Build.0 = Release|Any CPU
		{AEC1EF18-E62F-4DB0-B94D-4CBF9F191192}.Ad-Hoc|Any CPU.ActiveCfg = Ad-Hoc|iPhone
		{AEC1EF18-E62F-4DB0-B94D-4CBF9F191192}.Ad-Hoc|ARM.ActiveCfg = Ad-Hoc|iPhoneSimulator
		{AEC1EF18-E62F-4DB0-B94D-4CBF9F191192}.Ad-Hoc|iPhone.ActiveCfg = Ad-Hoc|iPhone
		{AEC1EF18-E62F-4DB0-B94D-4CBF9F191192}.Ad-Hoc|iPhone.Build.0 = Ad-Hoc|iPhone
		{AEC1EF18-E62F-4DB0-B94D-4CBF9F191192}.Ad-Hoc|iPhoneSimulator.ActiveCfg = Ad-Hoc|iPhoneSimulator
		{AEC1EF18-E62F-4DB0-B94D-4CBF9F191192}.Ad-Hoc|iPhoneSimulator.Build.0 = Ad-Hoc|iPhoneSimulator
		{AEC1EF18-E62F-4DB0-B94D-4CBF9F191192}.Ad-Hoc|Mixed Platforms.ActiveCfg = Ad-Hoc|iPhone
		{AEC1EF18-E62F-4DB0-B94D-4CBF9F191192}.Ad-Hoc|Mixed Platforms.Build.0 = Ad-Hoc|iPhone
		{AEC1EF18-E62F-4DB0-B94D-4CBF9F191192}.Ad-Hoc|x64.ActiveCfg = Ad-Hoc|iPhoneSimulator
		{AEC1EF18-E62F-4DB0-B94D-4CBF9F191192}.Ad-Hoc|x86.ActiveCfg = Ad-Hoc|iPhoneSimulator
		{AEC1EF18-E62F-4DB0-B94D-4CBF9F191192}.AppStore|Any CPU.ActiveCfg = AppStore|iPhone
		{AEC1EF18-E62F-4DB0-B94D-4CBF9F191192}.AppStore|ARM.ActiveCfg = AppStore|iPhoneSimulator
		{AEC1EF18-E62F-4DB0-B94D-4CBF9F191192}.AppStore|iPhone.ActiveCfg = AppStore|iPhone
		{AEC1EF18-E62F-4DB0-B94D-4CBF9F191192}.AppStore|iPhone.Build.0 = AppStore|iPhone
		{AEC1EF18-E62F-4DB0-B94D-4CBF9F191192}.AppStore|iPhoneSimulator.ActiveCfg = AppStore|iPhoneSimulator
		{AEC1EF18-E62F-4DB0-B94D-4CBF9F191192}.AppStore|iPhoneSimulator.Build.0 = AppStore|iPhoneSimulator
		{AEC1EF18-E62F-4DB0-B94D-4CBF9F191192}.AppStore|Mixed Platforms.ActiveCfg = AppStore|iPhone
		{AEC1EF18-E62F-4DB0-B94D-4CBF9F191192}.AppStore|Mixed Platforms.Build.0 = AppStore|iPhone
		{AEC1EF18-E62F-4DB0-B94D-4CBF9F191192}.AppStore|x64.ActiveCfg = AppStore|iPhoneSimulator
		{AEC1EF18-E62F-4DB0-B94D-4CBF9F191192}.AppStore|x86.ActiveCfg = AppStore|iPhoneSimulator
		{AEC1EF18-E62F-4DB0-B94D-4CBF9F191192}.AppVeyor|Any CPU.ActiveCfg = AppVeyor|iPhone
		{AEC1EF18-E62F-4DB0-B94D-4CBF9F191192}.AppVeyor|ARM.ActiveCfg = AppVeyor|iPhone
		{AEC1EF18-E62F-4DB0-B94D-4CBF9F191192}.AppVeyor|iPhone.ActiveCfg = AppVeyor|iPhone
		{AEC1EF18-E62F-4DB0-B94D-4CBF9F191192}.AppVeyor|iPhoneSimulator.ActiveCfg = AppVeyor|iPhoneSimulator
		{AEC1EF18-E62F-4DB0-B94D-4CBF9F191192}.AppVeyor|Mixed Platforms.ActiveCfg = AppVeyor|iPhone
		{AEC1EF18-E62F-4DB0-B94D-4CBF9F191192}.AppVeyor|Mixed Platforms.Build.0 = AppVeyor|iPhone
		{AEC1EF18-E62F-4DB0-B94D-4CBF9F191192}.AppVeyor|x64.ActiveCfg = AppVeyor|iPhone
		{AEC1EF18-E62F-4DB0-B94D-4CBF9F191192}.AppVeyor|x86.ActiveCfg = AppVeyor|iPhone
		{AEC1EF18-E62F-4DB0-B94D-4CBF9F191192}.Debug|Any CPU.ActiveCfg = Debug|iPhone
		{AEC1EF18-E62F-4DB0-B94D-4CBF9F191192}.Debug|ARM.ActiveCfg = Debug|iPhoneSimulator
		{AEC1EF18-E62F-4DB0-B94D-4CBF9F191192}.Debug|iPhone.ActiveCfg = Debug|iPhone
		{AEC1EF18-E62F-4DB0-B94D-4CBF9F191192}.Debug|iPhone.Build.0 = Debug|iPhone
		{AEC1EF18-E62F-4DB0-B94D-4CBF9F191192}.Debug|iPhoneSimulator.ActiveCfg = Debug|iPhoneSimulator
		{AEC1EF18-E62F-4DB0-B94D-4CBF9F191192}.Debug|iPhoneSimulator.Build.0 = Debug|iPhoneSimulator
		{AEC1EF18-E62F-4DB0-B94D-4CBF9F191192}.Debug|Mixed Platforms.ActiveCfg = Debug|iPhone
		{AEC1EF18-E62F-4DB0-B94D-4CBF9F191192}.Debug|Mixed Platforms.Build.0 = Debug|iPhone
		{AEC1EF18-E62F-4DB0-B94D-4CBF9F191192}.Debug|x64.ActiveCfg = Debug|iPhoneSimulator
		{AEC1EF18-E62F-4DB0-B94D-4CBF9F191192}.Debug|x86.ActiveCfg = Debug|iPhoneSimulator
		{AEC1EF18-E62F-4DB0-B94D-4CBF9F191192}.Release|Any CPU.ActiveCfg = Release|iPhone
		{AEC1EF18-E62F-4DB0-B94D-4CBF9F191192}.Release|ARM.ActiveCfg = Release|iPhoneSimulator
		{AEC1EF18-E62F-4DB0-B94D-4CBF9F191192}.Release|iPhone.ActiveCfg = Release|iPhone
		{AEC1EF18-E62F-4DB0-B94D-4CBF9F191192}.Release|iPhone.Build.0 = Release|iPhone
		{AEC1EF18-E62F-4DB0-B94D-4CBF9F191192}.Release|iPhoneSimulator.ActiveCfg = Release|iPhoneSimulator
		{AEC1EF18-E62F-4DB0-B94D-4CBF9F191192}.Release|iPhoneSimulator.Build.0 = Release|iPhoneSimulator
		{AEC1EF18-E62F-4DB0-B94D-4CBF9F191192}.Release|Mixed Platforms.ActiveCfg = Release|iPhone
		{AEC1EF18-E62F-4DB0-B94D-4CBF9F191192}.Release|Mixed Platforms.Build.0 = Release|iPhone
		{AEC1EF18-E62F-4DB0-B94D-4CBF9F191192}.Release|x64.ActiveCfg = Release|iPhoneSimulator
		{AEC1EF18-E62F-4DB0-B94D-4CBF9F191192}.Release|x86.ActiveCfg = Release|iPhoneSimulator
		{5AA8381E-2CC7-46FD-93A2-00B03041F113}.Ad-Hoc|Any CPU.ActiveCfg = Release|Any CPU
		{5AA8381E-2CC7-46FD-93A2-00B03041F113}.Ad-Hoc|Any CPU.Build.0 = Release|Any CPU
		{5AA8381E-2CC7-46FD-93A2-00B03041F113}.Ad-Hoc|Any CPU.Deploy.0 = Release|Any CPU
		{5AA8381E-2CC7-46FD-93A2-00B03041F113}.Ad-Hoc|ARM.ActiveCfg = Debug|Any CPU
		{5AA8381E-2CC7-46FD-93A2-00B03041F113}.Ad-Hoc|ARM.Build.0 = Debug|Any CPU
		{5AA8381E-2CC7-46FD-93A2-00B03041F113}.Ad-Hoc|ARM.Deploy.0 = Debug|Any CPU
		{5AA8381E-2CC7-46FD-93A2-00B03041F113}.Ad-Hoc|iPhone.ActiveCfg = Release|Any CPU
		{5AA8381E-2CC7-46FD-93A2-00B03041F113}.Ad-Hoc|iPhoneSimulator.ActiveCfg = Release|Any CPU
		{5AA8381E-2CC7-46FD-93A2-00B03041F113}.Ad-Hoc|Mixed Platforms.ActiveCfg = Release|Any CPU
		{5AA8381E-2CC7-46FD-93A2-00B03041F113}.Ad-Hoc|Mixed Platforms.Build.0 = Release|Any CPU
		{5AA8381E-2CC7-46FD-93A2-00B03041F113}.Ad-Hoc|Mixed Platforms.Deploy.0 = Release|Any CPU
		{5AA8381E-2CC7-46FD-93A2-00B03041F113}.Ad-Hoc|x64.ActiveCfg = Debug|Any CPU
		{5AA8381E-2CC7-46FD-93A2-00B03041F113}.Ad-Hoc|x64.Build.0 = Debug|Any CPU
		{5AA8381E-2CC7-46FD-93A2-00B03041F113}.Ad-Hoc|x64.Deploy.0 = Debug|Any CPU
		{5AA8381E-2CC7-46FD-93A2-00B03041F113}.Ad-Hoc|x86.ActiveCfg = Debug|Any CPU
		{5AA8381E-2CC7-46FD-93A2-00B03041F113}.Ad-Hoc|x86.Build.0 = Debug|Any CPU
		{5AA8381E-2CC7-46FD-93A2-00B03041F113}.Ad-Hoc|x86.Deploy.0 = Debug|Any CPU
		{5AA8381E-2CC7-46FD-93A2-00B03041F113}.AppStore|Any CPU.ActiveCfg = Release|Any CPU
		{5AA8381E-2CC7-46FD-93A2-00B03041F113}.AppStore|Any CPU.Build.0 = Release|Any CPU
		{5AA8381E-2CC7-46FD-93A2-00B03041F113}.AppStore|Any CPU.Deploy.0 = Release|Any CPU
		{5AA8381E-2CC7-46FD-93A2-00B03041F113}.AppStore|ARM.ActiveCfg = Debug|Any CPU
		{5AA8381E-2CC7-46FD-93A2-00B03041F113}.AppStore|ARM.Build.0 = Debug|Any CPU
		{5AA8381E-2CC7-46FD-93A2-00B03041F113}.AppStore|ARM.Deploy.0 = Debug|Any CPU
		{5AA8381E-2CC7-46FD-93A2-00B03041F113}.AppStore|iPhone.ActiveCfg = Release|Any CPU
		{5AA8381E-2CC7-46FD-93A2-00B03041F113}.AppStore|iPhoneSimulator.ActiveCfg = Release|Any CPU
		{5AA8381E-2CC7-46FD-93A2-00B03041F113}.AppStore|Mixed Platforms.ActiveCfg = Release|Any CPU
		{5AA8381E-2CC7-46FD-93A2-00B03041F113}.AppStore|Mixed Platforms.Build.0 = Release|Any CPU
		{5AA8381E-2CC7-46FD-93A2-00B03041F113}.AppStore|Mixed Platforms.Deploy.0 = Release|Any CPU
		{5AA8381E-2CC7-46FD-93A2-00B03041F113}.AppStore|x64.ActiveCfg = Debug|Any CPU
		{5AA8381E-2CC7-46FD-93A2-00B03041F113}.AppStore|x64.Build.0 = Debug|Any CPU
		{5AA8381E-2CC7-46FD-93A2-00B03041F113}.AppStore|x64.Deploy.0 = Debug|Any CPU
		{5AA8381E-2CC7-46FD-93A2-00B03041F113}.AppStore|x86.ActiveCfg = Debug|Any CPU
		{5AA8381E-2CC7-46FD-93A2-00B03041F113}.AppStore|x86.Build.0 = Debug|Any CPU
		{5AA8381E-2CC7-46FD-93A2-00B03041F113}.AppStore|x86.Deploy.0 = Debug|Any CPU
		{5AA8381E-2CC7-46FD-93A2-00B03041F113}.AppVeyor|Any CPU.ActiveCfg = AppVeyor|Any CPU
		{5AA8381E-2CC7-46FD-93A2-00B03041F113}.AppVeyor|ARM.ActiveCfg = AppVeyor|Any CPU
		{5AA8381E-2CC7-46FD-93A2-00B03041F113}.AppVeyor|ARM.Build.0 = AppVeyor|Any CPU
		{5AA8381E-2CC7-46FD-93A2-00B03041F113}.AppVeyor|ARM.Deploy.0 = AppVeyor|Any CPU
		{5AA8381E-2CC7-46FD-93A2-00B03041F113}.AppVeyor|iPhone.ActiveCfg = AppVeyor|Any CPU
		{5AA8381E-2CC7-46FD-93A2-00B03041F113}.AppVeyor|iPhone.Build.0 = AppVeyor|Any CPU
		{5AA8381E-2CC7-46FD-93A2-00B03041F113}.AppVeyor|iPhone.Deploy.0 = AppVeyor|Any CPU
		{5AA8381E-2CC7-46FD-93A2-00B03041F113}.AppVeyor|iPhoneSimulator.ActiveCfg = AppVeyor|Any CPU
		{5AA8381E-2CC7-46FD-93A2-00B03041F113}.AppVeyor|iPhoneSimulator.Build.0 = AppVeyor|Any CPU
		{5AA8381E-2CC7-46FD-93A2-00B03041F113}.AppVeyor|iPhoneSimulator.Deploy.0 = AppVeyor|Any CPU
		{5AA8381E-2CC7-46FD-93A2-00B03041F113}.AppVeyor|Mixed Platforms.ActiveCfg = AppVeyor|Any CPU
		{5AA8381E-2CC7-46FD-93A2-00B03041F113}.AppVeyor|Mixed Platforms.Build.0 = AppVeyor|Any CPU
		{5AA8381E-2CC7-46FD-93A2-00B03041F113}.AppVeyor|Mixed Platforms.Deploy.0 = AppVeyor|Any CPU
		{5AA8381E-2CC7-46FD-93A2-00B03041F113}.AppVeyor|x64.ActiveCfg = AppVeyor|Any CPU
		{5AA8381E-2CC7-46FD-93A2-00B03041F113}.AppVeyor|x64.Build.0 = AppVeyor|Any CPU
		{5AA8381E-2CC7-46FD-93A2-00B03041F113}.AppVeyor|x64.Deploy.0 = AppVeyor|Any CPU
		{5AA8381E-2CC7-46FD-93A2-00B03041F113}.AppVeyor|x86.ActiveCfg = AppVeyor|Any CPU
		{5AA8381E-2CC7-46FD-93A2-00B03041F113}.AppVeyor|x86.Build.0 = AppVeyor|Any CPU
		{5AA8381E-2CC7-46FD-93A2-00B03041F113}.AppVeyor|x86.Deploy.0 = AppVeyor|Any CPU
		{5AA8381E-2CC7-46FD-93A2-00B03041F113}.Debug|Any CPU.ActiveCfg = Debug|Any CPU
		{5AA8381E-2CC7-46FD-93A2-00B03041F113}.Debug|Any CPU.Build.0 = Debug|Any CPU
		{5AA8381E-2CC7-46FD-93A2-00B03041F113}.Debug|Any CPU.Deploy.0 = Debug|Any CPU
		{5AA8381E-2CC7-46FD-93A2-00B03041F113}.Debug|ARM.ActiveCfg = Debug|Any CPU
		{5AA8381E-2CC7-46FD-93A2-00B03041F113}.Debug|ARM.Build.0 = Debug|Any CPU
		{5AA8381E-2CC7-46FD-93A2-00B03041F113}.Debug|ARM.Deploy.0 = Debug|Any CPU
		{5AA8381E-2CC7-46FD-93A2-00B03041F113}.Debug|iPhone.ActiveCfg = Debug|Any CPU
		{5AA8381E-2CC7-46FD-93A2-00B03041F113}.Debug|iPhoneSimulator.ActiveCfg = Debug|Any CPU
		{5AA8381E-2CC7-46FD-93A2-00B03041F113}.Debug|Mixed Platforms.ActiveCfg = Debug|Any CPU
		{5AA8381E-2CC7-46FD-93A2-00B03041F113}.Debug|Mixed Platforms.Build.0 = Debug|Any CPU
		{5AA8381E-2CC7-46FD-93A2-00B03041F113}.Debug|Mixed Platforms.Deploy.0 = Debug|Any CPU
		{5AA8381E-2CC7-46FD-93A2-00B03041F113}.Debug|x64.ActiveCfg = Debug|Any CPU
		{5AA8381E-2CC7-46FD-93A2-00B03041F113}.Debug|x64.Build.0 = Debug|Any CPU
		{5AA8381E-2CC7-46FD-93A2-00B03041F113}.Debug|x64.Deploy.0 = Debug|Any CPU
		{5AA8381E-2CC7-46FD-93A2-00B03041F113}.Debug|x86.ActiveCfg = Debug|Any CPU
		{5AA8381E-2CC7-46FD-93A2-00B03041F113}.Debug|x86.Build.0 = Debug|Any CPU
		{5AA8381E-2CC7-46FD-93A2-00B03041F113}.Debug|x86.Deploy.0 = Debug|Any CPU
		{5AA8381E-2CC7-46FD-93A2-00B03041F113}.Release|Any CPU.ActiveCfg = Release|Any CPU
		{5AA8381E-2CC7-46FD-93A2-00B03041F113}.Release|Any CPU.Build.0 = Release|Any CPU
		{5AA8381E-2CC7-46FD-93A2-00B03041F113}.Release|Any CPU.Deploy.0 = Release|Any CPU
		{5AA8381E-2CC7-46FD-93A2-00B03041F113}.Release|ARM.ActiveCfg = Release|Any CPU
		{5AA8381E-2CC7-46FD-93A2-00B03041F113}.Release|ARM.Build.0 = Release|Any CPU
		{5AA8381E-2CC7-46FD-93A2-00B03041F113}.Release|ARM.Deploy.0 = Release|Any CPU
		{5AA8381E-2CC7-46FD-93A2-00B03041F113}.Release|iPhone.ActiveCfg = Release|Any CPU
		{5AA8381E-2CC7-46FD-93A2-00B03041F113}.Release|iPhoneSimulator.ActiveCfg = Release|Any CPU
		{5AA8381E-2CC7-46FD-93A2-00B03041F113}.Release|Mixed Platforms.ActiveCfg = Release|Any CPU
		{5AA8381E-2CC7-46FD-93A2-00B03041F113}.Release|Mixed Platforms.Build.0 = Release|Any CPU
		{5AA8381E-2CC7-46FD-93A2-00B03041F113}.Release|Mixed Platforms.Deploy.0 = Release|Any CPU
		{5AA8381E-2CC7-46FD-93A2-00B03041F113}.Release|x64.ActiveCfg = Release|Any CPU
		{5AA8381E-2CC7-46FD-93A2-00B03041F113}.Release|x64.Build.0 = Release|Any CPU
		{5AA8381E-2CC7-46FD-93A2-00B03041F113}.Release|x64.Deploy.0 = Release|Any CPU
		{5AA8381E-2CC7-46FD-93A2-00B03041F113}.Release|x86.ActiveCfg = Release|Any CPU
		{5AA8381E-2CC7-46FD-93A2-00B03041F113}.Release|x86.Build.0 = Release|Any CPU
		{5AA8381E-2CC7-46FD-93A2-00B03041F113}.Release|x86.Deploy.0 = Release|Any CPU
		{AD2D2DB4-E781-4CF1-9B62-3AAD264F196D}.Ad-Hoc|Any CPU.ActiveCfg = Release|Any CPU
		{AD2D2DB4-E781-4CF1-9B62-3AAD264F196D}.Ad-Hoc|Any CPU.Build.0 = Release|Any CPU
		{AD2D2DB4-E781-4CF1-9B62-3AAD264F196D}.Ad-Hoc|ARM.ActiveCfg = Debug|Any CPU
		{AD2D2DB4-E781-4CF1-9B62-3AAD264F196D}.Ad-Hoc|ARM.Build.0 = Debug|Any CPU
		{AD2D2DB4-E781-4CF1-9B62-3AAD264F196D}.Ad-Hoc|iPhone.ActiveCfg = Release|Any CPU
		{AD2D2DB4-E781-4CF1-9B62-3AAD264F196D}.Ad-Hoc|iPhoneSimulator.ActiveCfg = Release|Any CPU
		{AD2D2DB4-E781-4CF1-9B62-3AAD264F196D}.Ad-Hoc|Mixed Platforms.ActiveCfg = Release|Any CPU
		{AD2D2DB4-E781-4CF1-9B62-3AAD264F196D}.Ad-Hoc|Mixed Platforms.Build.0 = Release|Any CPU
		{AD2D2DB4-E781-4CF1-9B62-3AAD264F196D}.Ad-Hoc|x64.ActiveCfg = Debug|Any CPU
		{AD2D2DB4-E781-4CF1-9B62-3AAD264F196D}.Ad-Hoc|x64.Build.0 = Debug|Any CPU
		{AD2D2DB4-E781-4CF1-9B62-3AAD264F196D}.Ad-Hoc|x86.ActiveCfg = Debug|Any CPU
		{AD2D2DB4-E781-4CF1-9B62-3AAD264F196D}.Ad-Hoc|x86.Build.0 = Debug|Any CPU
		{AD2D2DB4-E781-4CF1-9B62-3AAD264F196D}.AppStore|Any CPU.ActiveCfg = Release|Any CPU
		{AD2D2DB4-E781-4CF1-9B62-3AAD264F196D}.AppStore|Any CPU.Build.0 = Release|Any CPU
		{AD2D2DB4-E781-4CF1-9B62-3AAD264F196D}.AppStore|ARM.ActiveCfg = Debug|Any CPU
		{AD2D2DB4-E781-4CF1-9B62-3AAD264F196D}.AppStore|ARM.Build.0 = Debug|Any CPU
		{AD2D2DB4-E781-4CF1-9B62-3AAD264F196D}.AppStore|iPhone.ActiveCfg = Release|Any CPU
		{AD2D2DB4-E781-4CF1-9B62-3AAD264F196D}.AppStore|iPhoneSimulator.ActiveCfg = Release|Any CPU
		{AD2D2DB4-E781-4CF1-9B62-3AAD264F196D}.AppStore|Mixed Platforms.ActiveCfg = Release|Any CPU
		{AD2D2DB4-E781-4CF1-9B62-3AAD264F196D}.AppStore|Mixed Platforms.Build.0 = Release|Any CPU
		{AD2D2DB4-E781-4CF1-9B62-3AAD264F196D}.AppStore|x64.ActiveCfg = Debug|Any CPU
		{AD2D2DB4-E781-4CF1-9B62-3AAD264F196D}.AppStore|x64.Build.0 = Debug|Any CPU
		{AD2D2DB4-E781-4CF1-9B62-3AAD264F196D}.AppStore|x86.ActiveCfg = Debug|Any CPU
		{AD2D2DB4-E781-4CF1-9B62-3AAD264F196D}.AppStore|x86.Build.0 = Debug|Any CPU
		{AD2D2DB4-E781-4CF1-9B62-3AAD264F196D}.AppVeyor|Any CPU.ActiveCfg = AppVeyor|Any CPU
		{AD2D2DB4-E781-4CF1-9B62-3AAD264F196D}.AppVeyor|Any CPU.Build.0 = AppVeyor|Any CPU
		{AD2D2DB4-E781-4CF1-9B62-3AAD264F196D}.AppVeyor|ARM.ActiveCfg = AppVeyor|Any CPU
		{AD2D2DB4-E781-4CF1-9B62-3AAD264F196D}.AppVeyor|ARM.Build.0 = AppVeyor|Any CPU
		{AD2D2DB4-E781-4CF1-9B62-3AAD264F196D}.AppVeyor|iPhone.ActiveCfg = AppVeyor|Any CPU
		{AD2D2DB4-E781-4CF1-9B62-3AAD264F196D}.AppVeyor|iPhone.Build.0 = AppVeyor|Any CPU
		{AD2D2DB4-E781-4CF1-9B62-3AAD264F196D}.AppVeyor|iPhoneSimulator.ActiveCfg = AppVeyor|Any CPU
		{AD2D2DB4-E781-4CF1-9B62-3AAD264F196D}.AppVeyor|iPhoneSimulator.Build.0 = AppVeyor|Any CPU
		{AD2D2DB4-E781-4CF1-9B62-3AAD264F196D}.AppVeyor|Mixed Platforms.ActiveCfg = AppVeyor|Any CPU
		{AD2D2DB4-E781-4CF1-9B62-3AAD264F196D}.AppVeyor|Mixed Platforms.Build.0 = AppVeyor|Any CPU
		{AD2D2DB4-E781-4CF1-9B62-3AAD264F196D}.AppVeyor|x64.ActiveCfg = AppVeyor|Any CPU
		{AD2D2DB4-E781-4CF1-9B62-3AAD264F196D}.AppVeyor|x64.Build.0 = AppVeyor|Any CPU
		{AD2D2DB4-E781-4CF1-9B62-3AAD264F196D}.AppVeyor|x86.ActiveCfg = AppVeyor|Any CPU
		{AD2D2DB4-E781-4CF1-9B62-3AAD264F196D}.AppVeyor|x86.Build.0 = AppVeyor|Any CPU
		{AD2D2DB4-E781-4CF1-9B62-3AAD264F196D}.Debug|Any CPU.ActiveCfg = Debug|Any CPU
		{AD2D2DB4-E781-4CF1-9B62-3AAD264F196D}.Debug|Any CPU.Build.0 = Debug|Any CPU
		{AD2D2DB4-E781-4CF1-9B62-3AAD264F196D}.Debug|ARM.ActiveCfg = Debug|Any CPU
		{AD2D2DB4-E781-4CF1-9B62-3AAD264F196D}.Debug|ARM.Build.0 = Debug|Any CPU
		{AD2D2DB4-E781-4CF1-9B62-3AAD264F196D}.Debug|iPhone.ActiveCfg = Debug|Any CPU
		{AD2D2DB4-E781-4CF1-9B62-3AAD264F196D}.Debug|iPhoneSimulator.ActiveCfg = Debug|Any CPU
		{AD2D2DB4-E781-4CF1-9B62-3AAD264F196D}.Debug|Mixed Platforms.ActiveCfg = Debug|Any CPU
		{AD2D2DB4-E781-4CF1-9B62-3AAD264F196D}.Debug|Mixed Platforms.Build.0 = Debug|Any CPU
		{AD2D2DB4-E781-4CF1-9B62-3AAD264F196D}.Debug|x64.ActiveCfg = Debug|Any CPU
		{AD2D2DB4-E781-4CF1-9B62-3AAD264F196D}.Debug|x64.Build.0 = Debug|Any CPU
		{AD2D2DB4-E781-4CF1-9B62-3AAD264F196D}.Debug|x86.ActiveCfg = Debug|Any CPU
		{AD2D2DB4-E781-4CF1-9B62-3AAD264F196D}.Debug|x86.Build.0 = Debug|Any CPU
		{AD2D2DB4-E781-4CF1-9B62-3AAD264F196D}.Release|Any CPU.ActiveCfg = Release|Any CPU
		{AD2D2DB4-E781-4CF1-9B62-3AAD264F196D}.Release|Any CPU.Build.0 = Release|Any CPU
		{AD2D2DB4-E781-4CF1-9B62-3AAD264F196D}.Release|ARM.ActiveCfg = Release|Any CPU
		{AD2D2DB4-E781-4CF1-9B62-3AAD264F196D}.Release|ARM.Build.0 = Release|Any CPU
		{AD2D2DB4-E781-4CF1-9B62-3AAD264F196D}.Release|iPhone.ActiveCfg = Release|Any CPU
		{AD2D2DB4-E781-4CF1-9B62-3AAD264F196D}.Release|iPhoneSimulator.ActiveCfg = Release|Any CPU
		{AD2D2DB4-E781-4CF1-9B62-3AAD264F196D}.Release|Mixed Platforms.ActiveCfg = Release|Any CPU
		{AD2D2DB4-E781-4CF1-9B62-3AAD264F196D}.Release|Mixed Platforms.Build.0 = Release|Any CPU
		{AD2D2DB4-E781-4CF1-9B62-3AAD264F196D}.Release|x64.ActiveCfg = Release|Any CPU
		{AD2D2DB4-E781-4CF1-9B62-3AAD264F196D}.Release|x64.Build.0 = Release|Any CPU
		{AD2D2DB4-E781-4CF1-9B62-3AAD264F196D}.Release|x86.ActiveCfg = Release|Any CPU
		{AD2D2DB4-E781-4CF1-9B62-3AAD264F196D}.Release|x86.Build.0 = Release|Any CPU
		{F15C3EBC-E31F-44D3-8E58-6B72A7328870}.Ad-Hoc|Any CPU.ActiveCfg = Release|Any CPU
		{F15C3EBC-E31F-44D3-8E58-6B72A7328870}.Ad-Hoc|Any CPU.Build.0 = Release|Any CPU
		{F15C3EBC-E31F-44D3-8E58-6B72A7328870}.Ad-Hoc|Any CPU.Deploy.0 = Release|Any CPU
		{F15C3EBC-E31F-44D3-8E58-6B72A7328870}.Ad-Hoc|ARM.ActiveCfg = Debug|Any CPU
		{F15C3EBC-E31F-44D3-8E58-6B72A7328870}.Ad-Hoc|ARM.Build.0 = Debug|Any CPU
		{F15C3EBC-E31F-44D3-8E58-6B72A7328870}.Ad-Hoc|ARM.Deploy.0 = Debug|Any CPU
		{F15C3EBC-E31F-44D3-8E58-6B72A7328870}.Ad-Hoc|iPhone.ActiveCfg = Release|Any CPU
		{F15C3EBC-E31F-44D3-8E58-6B72A7328870}.Ad-Hoc|iPhoneSimulator.ActiveCfg = Release|Any CPU
		{F15C3EBC-E31F-44D3-8E58-6B72A7328870}.Ad-Hoc|Mixed Platforms.ActiveCfg = Release|Any CPU
		{F15C3EBC-E31F-44D3-8E58-6B72A7328870}.Ad-Hoc|Mixed Platforms.Build.0 = Release|Any CPU
		{F15C3EBC-E31F-44D3-8E58-6B72A7328870}.Ad-Hoc|Mixed Platforms.Deploy.0 = Release|Any CPU
		{F15C3EBC-E31F-44D3-8E58-6B72A7328870}.Ad-Hoc|x64.ActiveCfg = Debug|Any CPU
		{F15C3EBC-E31F-44D3-8E58-6B72A7328870}.Ad-Hoc|x64.Build.0 = Debug|Any CPU
		{F15C3EBC-E31F-44D3-8E58-6B72A7328870}.Ad-Hoc|x64.Deploy.0 = Debug|Any CPU
		{F15C3EBC-E31F-44D3-8E58-6B72A7328870}.Ad-Hoc|x86.ActiveCfg = Debug|Any CPU
		{F15C3EBC-E31F-44D3-8E58-6B72A7328870}.Ad-Hoc|x86.Build.0 = Debug|Any CPU
		{F15C3EBC-E31F-44D3-8E58-6B72A7328870}.Ad-Hoc|x86.Deploy.0 = Debug|Any CPU
		{F15C3EBC-E31F-44D3-8E58-6B72A7328870}.AppStore|Any CPU.ActiveCfg = Release|Any CPU
		{F15C3EBC-E31F-44D3-8E58-6B72A7328870}.AppStore|Any CPU.Build.0 = Release|Any CPU
		{F15C3EBC-E31F-44D3-8E58-6B72A7328870}.AppStore|Any CPU.Deploy.0 = Release|Any CPU
		{F15C3EBC-E31F-44D3-8E58-6B72A7328870}.AppStore|ARM.ActiveCfg = Debug|Any CPU
		{F15C3EBC-E31F-44D3-8E58-6B72A7328870}.AppStore|ARM.Build.0 = Debug|Any CPU
		{F15C3EBC-E31F-44D3-8E58-6B72A7328870}.AppStore|ARM.Deploy.0 = Debug|Any CPU
		{F15C3EBC-E31F-44D3-8E58-6B72A7328870}.AppStore|iPhone.ActiveCfg = Release|Any CPU
		{F15C3EBC-E31F-44D3-8E58-6B72A7328870}.AppStore|iPhoneSimulator.ActiveCfg = Release|Any CPU
		{F15C3EBC-E31F-44D3-8E58-6B72A7328870}.AppStore|Mixed Platforms.ActiveCfg = Release|Any CPU
		{F15C3EBC-E31F-44D3-8E58-6B72A7328870}.AppStore|Mixed Platforms.Build.0 = Release|Any CPU
		{F15C3EBC-E31F-44D3-8E58-6B72A7328870}.AppStore|Mixed Platforms.Deploy.0 = Release|Any CPU
		{F15C3EBC-E31F-44D3-8E58-6B72A7328870}.AppStore|x64.ActiveCfg = Debug|Any CPU
		{F15C3EBC-E31F-44D3-8E58-6B72A7328870}.AppStore|x64.Build.0 = Debug|Any CPU
		{F15C3EBC-E31F-44D3-8E58-6B72A7328870}.AppStore|x64.Deploy.0 = Debug|Any CPU
		{F15C3EBC-E31F-44D3-8E58-6B72A7328870}.AppStore|x86.ActiveCfg = Debug|Any CPU
		{F15C3EBC-E31F-44D3-8E58-6B72A7328870}.AppStore|x86.Build.0 = Debug|Any CPU
		{F15C3EBC-E31F-44D3-8E58-6B72A7328870}.AppStore|x86.Deploy.0 = Debug|Any CPU
		{F15C3EBC-E31F-44D3-8E58-6B72A7328870}.AppVeyor|Any CPU.ActiveCfg = AppVeyor|Any CPU
		{F15C3EBC-E31F-44D3-8E58-6B72A7328870}.AppVeyor|ARM.ActiveCfg = AppVeyor|Any CPU
		{F15C3EBC-E31F-44D3-8E58-6B72A7328870}.AppVeyor|ARM.Build.0 = AppVeyor|Any CPU
		{F15C3EBC-E31F-44D3-8E58-6B72A7328870}.AppVeyor|ARM.Deploy.0 = AppVeyor|Any CPU
		{F15C3EBC-E31F-44D3-8E58-6B72A7328870}.AppVeyor|iPhone.ActiveCfg = AppVeyor|Any CPU
		{F15C3EBC-E31F-44D3-8E58-6B72A7328870}.AppVeyor|iPhone.Build.0 = AppVeyor|Any CPU
		{F15C3EBC-E31F-44D3-8E58-6B72A7328870}.AppVeyor|iPhone.Deploy.0 = AppVeyor|Any CPU
		{F15C3EBC-E31F-44D3-8E58-6B72A7328870}.AppVeyor|iPhoneSimulator.ActiveCfg = AppVeyor|Any CPU
		{F15C3EBC-E31F-44D3-8E58-6B72A7328870}.AppVeyor|iPhoneSimulator.Build.0 = AppVeyor|Any CPU
		{F15C3EBC-E31F-44D3-8E58-6B72A7328870}.AppVeyor|iPhoneSimulator.Deploy.0 = AppVeyor|Any CPU
		{F15C3EBC-E31F-44D3-8E58-6B72A7328870}.AppVeyor|Mixed Platforms.ActiveCfg = AppVeyor|Any CPU
		{F15C3EBC-E31F-44D3-8E58-6B72A7328870}.AppVeyor|Mixed Platforms.Build.0 = AppVeyor|Any CPU
		{F15C3EBC-E31F-44D3-8E58-6B72A7328870}.AppVeyor|Mixed Platforms.Deploy.0 = AppVeyor|Any CPU
		{F15C3EBC-E31F-44D3-8E58-6B72A7328870}.AppVeyor|x64.ActiveCfg = AppVeyor|Any CPU
		{F15C3EBC-E31F-44D3-8E58-6B72A7328870}.AppVeyor|x64.Build.0 = AppVeyor|Any CPU
		{F15C3EBC-E31F-44D3-8E58-6B72A7328870}.AppVeyor|x64.Deploy.0 = AppVeyor|Any CPU
		{F15C3EBC-E31F-44D3-8E58-6B72A7328870}.AppVeyor|x86.ActiveCfg = AppVeyor|Any CPU
		{F15C3EBC-E31F-44D3-8E58-6B72A7328870}.AppVeyor|x86.Build.0 = AppVeyor|Any CPU
		{F15C3EBC-E31F-44D3-8E58-6B72A7328870}.AppVeyor|x86.Deploy.0 = AppVeyor|Any CPU
		{F15C3EBC-E31F-44D3-8E58-6B72A7328870}.Debug|Any CPU.ActiveCfg = Debug|Any CPU
		{F15C3EBC-E31F-44D3-8E58-6B72A7328870}.Debug|Any CPU.Build.0 = Debug|Any CPU
		{F15C3EBC-E31F-44D3-8E58-6B72A7328870}.Debug|Any CPU.Deploy.0 = Debug|Any CPU
		{F15C3EBC-E31F-44D3-8E58-6B72A7328870}.Debug|ARM.ActiveCfg = Debug|Any CPU
		{F15C3EBC-E31F-44D3-8E58-6B72A7328870}.Debug|ARM.Build.0 = Debug|Any CPU
		{F15C3EBC-E31F-44D3-8E58-6B72A7328870}.Debug|ARM.Deploy.0 = Debug|Any CPU
		{F15C3EBC-E31F-44D3-8E58-6B72A7328870}.Debug|iPhone.ActiveCfg = Debug|Any CPU
		{F15C3EBC-E31F-44D3-8E58-6B72A7328870}.Debug|iPhoneSimulator.ActiveCfg = Debug|Any CPU
		{F15C3EBC-E31F-44D3-8E58-6B72A7328870}.Debug|Mixed Platforms.ActiveCfg = Debug|Any CPU
		{F15C3EBC-E31F-44D3-8E58-6B72A7328870}.Debug|Mixed Platforms.Build.0 = Debug|Any CPU
		{F15C3EBC-E31F-44D3-8E58-6B72A7328870}.Debug|Mixed Platforms.Deploy.0 = Debug|Any CPU
		{F15C3EBC-E31F-44D3-8E58-6B72A7328870}.Debug|x64.ActiveCfg = Debug|Any CPU
		{F15C3EBC-E31F-44D3-8E58-6B72A7328870}.Debug|x64.Build.0 = Debug|Any CPU
		{F15C3EBC-E31F-44D3-8E58-6B72A7328870}.Debug|x64.Deploy.0 = Debug|Any CPU
		{F15C3EBC-E31F-44D3-8E58-6B72A7328870}.Debug|x86.ActiveCfg = Debug|Any CPU
		{F15C3EBC-E31F-44D3-8E58-6B72A7328870}.Debug|x86.Build.0 = Debug|Any CPU
		{F15C3EBC-E31F-44D3-8E58-6B72A7328870}.Debug|x86.Deploy.0 = Debug|Any CPU
		{F15C3EBC-E31F-44D3-8E58-6B72A7328870}.Release|Any CPU.ActiveCfg = Release|Any CPU
		{F15C3EBC-E31F-44D3-8E58-6B72A7328870}.Release|Any CPU.Build.0 = Release|Any CPU
		{F15C3EBC-E31F-44D3-8E58-6B72A7328870}.Release|Any CPU.Deploy.0 = Release|Any CPU
		{F15C3EBC-E31F-44D3-8E58-6B72A7328870}.Release|ARM.ActiveCfg = Release|Any CPU
		{F15C3EBC-E31F-44D3-8E58-6B72A7328870}.Release|ARM.Build.0 = Release|Any CPU
		{F15C3EBC-E31F-44D3-8E58-6B72A7328870}.Release|ARM.Deploy.0 = Release|Any CPU
		{F15C3EBC-E31F-44D3-8E58-6B72A7328870}.Release|iPhone.ActiveCfg = Release|Any CPU
		{F15C3EBC-E31F-44D3-8E58-6B72A7328870}.Release|iPhoneSimulator.ActiveCfg = Release|Any CPU
		{F15C3EBC-E31F-44D3-8E58-6B72A7328870}.Release|Mixed Platforms.ActiveCfg = Release|Any CPU
		{F15C3EBC-E31F-44D3-8E58-6B72A7328870}.Release|Mixed Platforms.Build.0 = Release|Any CPU
		{F15C3EBC-E31F-44D3-8E58-6B72A7328870}.Release|Mixed Platforms.Deploy.0 = Release|Any CPU
		{F15C3EBC-E31F-44D3-8E58-6B72A7328870}.Release|x64.ActiveCfg = Release|Any CPU
		{F15C3EBC-E31F-44D3-8E58-6B72A7328870}.Release|x64.Build.0 = Release|Any CPU
		{F15C3EBC-E31F-44D3-8E58-6B72A7328870}.Release|x64.Deploy.0 = Release|Any CPU
		{F15C3EBC-E31F-44D3-8E58-6B72A7328870}.Release|x86.ActiveCfg = Release|Any CPU
		{F15C3EBC-E31F-44D3-8E58-6B72A7328870}.Release|x86.Build.0 = Release|Any CPU
		{F15C3EBC-E31F-44D3-8E58-6B72A7328870}.Release|x86.Deploy.0 = Release|Any CPU
		{83059F12-4C47-4811-AB79-3478800B3B5B}.Ad-Hoc|Any CPU.ActiveCfg = Ad-Hoc|iPhone
		{83059F12-4C47-4811-AB79-3478800B3B5B}.Ad-Hoc|ARM.ActiveCfg = Ad-Hoc|iPhoneSimulator
		{83059F12-4C47-4811-AB79-3478800B3B5B}.Ad-Hoc|iPhone.ActiveCfg = Ad-Hoc|iPhone
		{83059F12-4C47-4811-AB79-3478800B3B5B}.Ad-Hoc|iPhone.Build.0 = Ad-Hoc|iPhone
		{83059F12-4C47-4811-AB79-3478800B3B5B}.Ad-Hoc|iPhoneSimulator.ActiveCfg = Ad-Hoc|iPhoneSimulator
		{83059F12-4C47-4811-AB79-3478800B3B5B}.Ad-Hoc|iPhoneSimulator.Build.0 = Ad-Hoc|iPhoneSimulator
		{83059F12-4C47-4811-AB79-3478800B3B5B}.Ad-Hoc|Mixed Platforms.ActiveCfg = Ad-Hoc|iPhone
		{83059F12-4C47-4811-AB79-3478800B3B5B}.Ad-Hoc|Mixed Platforms.Build.0 = Ad-Hoc|iPhone
		{83059F12-4C47-4811-AB79-3478800B3B5B}.Ad-Hoc|x64.ActiveCfg = Ad-Hoc|iPhoneSimulator
		{83059F12-4C47-4811-AB79-3478800B3B5B}.Ad-Hoc|x86.ActiveCfg = Ad-Hoc|iPhoneSimulator
		{83059F12-4C47-4811-AB79-3478800B3B5B}.AppStore|Any CPU.ActiveCfg = AppStore|iPhone
		{83059F12-4C47-4811-AB79-3478800B3B5B}.AppStore|ARM.ActiveCfg = AppStore|iPhoneSimulator
		{83059F12-4C47-4811-AB79-3478800B3B5B}.AppStore|iPhone.ActiveCfg = AppStore|iPhone
		{83059F12-4C47-4811-AB79-3478800B3B5B}.AppStore|iPhone.Build.0 = AppStore|iPhone
		{83059F12-4C47-4811-AB79-3478800B3B5B}.AppStore|iPhoneSimulator.ActiveCfg = AppStore|iPhoneSimulator
		{83059F12-4C47-4811-AB79-3478800B3B5B}.AppStore|iPhoneSimulator.Build.0 = AppStore|iPhoneSimulator
		{83059F12-4C47-4811-AB79-3478800B3B5B}.AppStore|Mixed Platforms.ActiveCfg = AppStore|iPhone
		{83059F12-4C47-4811-AB79-3478800B3B5B}.AppStore|Mixed Platforms.Build.0 = AppStore|iPhone
		{83059F12-4C47-4811-AB79-3478800B3B5B}.AppStore|x64.ActiveCfg = AppStore|iPhoneSimulator
		{83059F12-4C47-4811-AB79-3478800B3B5B}.AppStore|x86.ActiveCfg = AppStore|iPhoneSimulator
		{83059F12-4C47-4811-AB79-3478800B3B5B}.AppVeyor|Any CPU.ActiveCfg = AppVeyor|iPhone
		{83059F12-4C47-4811-AB79-3478800B3B5B}.AppVeyor|ARM.ActiveCfg = AppVeyor|iPhone
		{83059F12-4C47-4811-AB79-3478800B3B5B}.AppVeyor|iPhone.ActiveCfg = AppVeyor|iPhone
		{83059F12-4C47-4811-AB79-3478800B3B5B}.AppVeyor|iPhoneSimulator.ActiveCfg = AppVeyor|iPhoneSimulator
		{83059F12-4C47-4811-AB79-3478800B3B5B}.AppVeyor|Mixed Platforms.ActiveCfg = AppVeyor|iPhone
		{83059F12-4C47-4811-AB79-3478800B3B5B}.AppVeyor|Mixed Platforms.Build.0 = AppVeyor|iPhone
		{83059F12-4C47-4811-AB79-3478800B3B5B}.AppVeyor|x64.ActiveCfg = AppVeyor|iPhone
		{83059F12-4C47-4811-AB79-3478800B3B5B}.AppVeyor|x86.ActiveCfg = AppVeyor|iPhone
		{83059F12-4C47-4811-AB79-3478800B3B5B}.Debug|Any CPU.ActiveCfg = Debug|iPhone
		{83059F12-4C47-4811-AB79-3478800B3B5B}.Debug|ARM.ActiveCfg = Debug|iPhoneSimulator
		{83059F12-4C47-4811-AB79-3478800B3B5B}.Debug|iPhone.ActiveCfg = Debug|iPhone
		{83059F12-4C47-4811-AB79-3478800B3B5B}.Debug|iPhone.Build.0 = Debug|iPhone
		{83059F12-4C47-4811-AB79-3478800B3B5B}.Debug|iPhoneSimulator.ActiveCfg = Debug|iPhoneSimulator
		{83059F12-4C47-4811-AB79-3478800B3B5B}.Debug|iPhoneSimulator.Build.0 = Debug|iPhoneSimulator
		{83059F12-4C47-4811-AB79-3478800B3B5B}.Debug|Mixed Platforms.ActiveCfg = Debug|iPhone
		{83059F12-4C47-4811-AB79-3478800B3B5B}.Debug|Mixed Platforms.Build.0 = Debug|iPhone
		{83059F12-4C47-4811-AB79-3478800B3B5B}.Debug|x64.ActiveCfg = Debug|iPhoneSimulator
		{83059F12-4C47-4811-AB79-3478800B3B5B}.Debug|x86.ActiveCfg = Debug|iPhoneSimulator
		{83059F12-4C47-4811-AB79-3478800B3B5B}.Release|Any CPU.ActiveCfg = Release|iPhone
		{83059F12-4C47-4811-AB79-3478800B3B5B}.Release|ARM.ActiveCfg = Release|iPhoneSimulator
		{83059F12-4C47-4811-AB79-3478800B3B5B}.Release|iPhone.ActiveCfg = Release|iPhone
		{83059F12-4C47-4811-AB79-3478800B3B5B}.Release|iPhone.Build.0 = Release|iPhone
		{83059F12-4C47-4811-AB79-3478800B3B5B}.Release|iPhoneSimulator.ActiveCfg = Release|iPhoneSimulator
		{83059F12-4C47-4811-AB79-3478800B3B5B}.Release|iPhoneSimulator.Build.0 = Release|iPhoneSimulator
		{83059F12-4C47-4811-AB79-3478800B3B5B}.Release|Mixed Platforms.ActiveCfg = Release|iPhone
		{83059F12-4C47-4811-AB79-3478800B3B5B}.Release|Mixed Platforms.Build.0 = Release|iPhone
		{83059F12-4C47-4811-AB79-3478800B3B5B}.Release|x64.ActiveCfg = Release|iPhoneSimulator
		{83059F12-4C47-4811-AB79-3478800B3B5B}.Release|x86.ActiveCfg = Release|iPhoneSimulator
		{670FB941-50C7-4B12-8C2A-2C529A8D0BC5}.Ad-Hoc|Any CPU.ActiveCfg = Release|Any CPU
		{670FB941-50C7-4B12-8C2A-2C529A8D0BC5}.Ad-Hoc|Any CPU.Build.0 = Release|Any CPU
		{670FB941-50C7-4B12-8C2A-2C529A8D0BC5}.Ad-Hoc|ARM.ActiveCfg = Debug|Any CPU
		{670FB941-50C7-4B12-8C2A-2C529A8D0BC5}.Ad-Hoc|ARM.Build.0 = Debug|Any CPU
		{670FB941-50C7-4B12-8C2A-2C529A8D0BC5}.Ad-Hoc|iPhone.ActiveCfg = Release|Any CPU
		{670FB941-50C7-4B12-8C2A-2C529A8D0BC5}.Ad-Hoc|iPhoneSimulator.ActiveCfg = Release|Any CPU
		{670FB941-50C7-4B12-8C2A-2C529A8D0BC5}.Ad-Hoc|Mixed Platforms.ActiveCfg = Release|Any CPU
		{670FB941-50C7-4B12-8C2A-2C529A8D0BC5}.Ad-Hoc|Mixed Platforms.Build.0 = Release|Any CPU
		{670FB941-50C7-4B12-8C2A-2C529A8D0BC5}.Ad-Hoc|x64.ActiveCfg = Debug|Any CPU
		{670FB941-50C7-4B12-8C2A-2C529A8D0BC5}.Ad-Hoc|x64.Build.0 = Debug|Any CPU
		{670FB941-50C7-4B12-8C2A-2C529A8D0BC5}.Ad-Hoc|x86.ActiveCfg = Debug|Any CPU
		{670FB941-50C7-4B12-8C2A-2C529A8D0BC5}.Ad-Hoc|x86.Build.0 = Debug|Any CPU
		{670FB941-50C7-4B12-8C2A-2C529A8D0BC5}.AppStore|Any CPU.ActiveCfg = Release|Any CPU
		{670FB941-50C7-4B12-8C2A-2C529A8D0BC5}.AppStore|Any CPU.Build.0 = Release|Any CPU
		{670FB941-50C7-4B12-8C2A-2C529A8D0BC5}.AppStore|ARM.ActiveCfg = Debug|Any CPU
		{670FB941-50C7-4B12-8C2A-2C529A8D0BC5}.AppStore|ARM.Build.0 = Debug|Any CPU
		{670FB941-50C7-4B12-8C2A-2C529A8D0BC5}.AppStore|iPhone.ActiveCfg = Release|Any CPU
		{670FB941-50C7-4B12-8C2A-2C529A8D0BC5}.AppStore|iPhoneSimulator.ActiveCfg = Release|Any CPU
		{670FB941-50C7-4B12-8C2A-2C529A8D0BC5}.AppStore|Mixed Platforms.ActiveCfg = Release|Any CPU
		{670FB941-50C7-4B12-8C2A-2C529A8D0BC5}.AppStore|Mixed Platforms.Build.0 = Release|Any CPU
		{670FB941-50C7-4B12-8C2A-2C529A8D0BC5}.AppStore|x64.ActiveCfg = Debug|Any CPU
		{670FB941-50C7-4B12-8C2A-2C529A8D0BC5}.AppStore|x64.Build.0 = Debug|Any CPU
		{670FB941-50C7-4B12-8C2A-2C529A8D0BC5}.AppStore|x86.ActiveCfg = Debug|Any CPU
		{670FB941-50C7-4B12-8C2A-2C529A8D0BC5}.AppStore|x86.Build.0 = Debug|Any CPU
		{670FB941-50C7-4B12-8C2A-2C529A8D0BC5}.AppVeyor|Any CPU.ActiveCfg = AppVeyor|Any CPU
		{670FB941-50C7-4B12-8C2A-2C529A8D0BC5}.AppVeyor|ARM.ActiveCfg = AppVeyor|Any CPU
		{670FB941-50C7-4B12-8C2A-2C529A8D0BC5}.AppVeyor|ARM.Build.0 = AppVeyor|Any CPU
		{670FB941-50C7-4B12-8C2A-2C529A8D0BC5}.AppVeyor|iPhone.ActiveCfg = AppVeyor|Any CPU
		{670FB941-50C7-4B12-8C2A-2C529A8D0BC5}.AppVeyor|iPhone.Build.0 = AppVeyor|Any CPU
		{670FB941-50C7-4B12-8C2A-2C529A8D0BC5}.AppVeyor|iPhoneSimulator.ActiveCfg = AppVeyor|Any CPU
		{670FB941-50C7-4B12-8C2A-2C529A8D0BC5}.AppVeyor|iPhoneSimulator.Build.0 = AppVeyor|Any CPU
		{670FB941-50C7-4B12-8C2A-2C529A8D0BC5}.AppVeyor|Mixed Platforms.ActiveCfg = AppVeyor|Any CPU
		{670FB941-50C7-4B12-8C2A-2C529A8D0BC5}.AppVeyor|Mixed Platforms.Build.0 = AppVeyor|Any CPU
		{670FB941-50C7-4B12-8C2A-2C529A8D0BC5}.AppVeyor|x64.ActiveCfg = AppVeyor|Any CPU
		{670FB941-50C7-4B12-8C2A-2C529A8D0BC5}.AppVeyor|x64.Build.0 = AppVeyor|Any CPU
		{670FB941-50C7-4B12-8C2A-2C529A8D0BC5}.AppVeyor|x86.ActiveCfg = AppVeyor|Any CPU
		{670FB941-50C7-4B12-8C2A-2C529A8D0BC5}.AppVeyor|x86.Build.0 = AppVeyor|Any CPU
		{670FB941-50C7-4B12-8C2A-2C529A8D0BC5}.Debug|Any CPU.ActiveCfg = Debug|Any CPU
		{670FB941-50C7-4B12-8C2A-2C529A8D0BC5}.Debug|Any CPU.Build.0 = Debug|Any CPU
		{670FB941-50C7-4B12-8C2A-2C529A8D0BC5}.Debug|ARM.ActiveCfg = Debug|Any CPU
		{670FB941-50C7-4B12-8C2A-2C529A8D0BC5}.Debug|ARM.Build.0 = Debug|Any CPU
		{670FB941-50C7-4B12-8C2A-2C529A8D0BC5}.Debug|iPhone.ActiveCfg = Debug|Any CPU
		{670FB941-50C7-4B12-8C2A-2C529A8D0BC5}.Debug|iPhoneSimulator.ActiveCfg = Debug|Any CPU
		{670FB941-50C7-4B12-8C2A-2C529A8D0BC5}.Debug|Mixed Platforms.ActiveCfg = Debug|Any CPU
		{670FB941-50C7-4B12-8C2A-2C529A8D0BC5}.Debug|Mixed Platforms.Build.0 = Debug|Any CPU
		{670FB941-50C7-4B12-8C2A-2C529A8D0BC5}.Debug|x64.ActiveCfg = Debug|Any CPU
		{670FB941-50C7-4B12-8C2A-2C529A8D0BC5}.Debug|x64.Build.0 = Debug|Any CPU
		{670FB941-50C7-4B12-8C2A-2C529A8D0BC5}.Debug|x86.ActiveCfg = Debug|Any CPU
		{670FB941-50C7-4B12-8C2A-2C529A8D0BC5}.Debug|x86.Build.0 = Debug|Any CPU
		{670FB941-50C7-4B12-8C2A-2C529A8D0BC5}.Release|Any CPU.ActiveCfg = Release|Any CPU
		{670FB941-50C7-4B12-8C2A-2C529A8D0BC5}.Release|Any CPU.Build.0 = Release|Any CPU
		{670FB941-50C7-4B12-8C2A-2C529A8D0BC5}.Release|ARM.ActiveCfg = Release|Any CPU
		{670FB941-50C7-4B12-8C2A-2C529A8D0BC5}.Release|ARM.Build.0 = Release|Any CPU
		{670FB941-50C7-4B12-8C2A-2C529A8D0BC5}.Release|iPhone.ActiveCfg = Release|Any CPU
		{670FB941-50C7-4B12-8C2A-2C529A8D0BC5}.Release|iPhoneSimulator.ActiveCfg = Release|Any CPU
		{670FB941-50C7-4B12-8C2A-2C529A8D0BC5}.Release|Mixed Platforms.ActiveCfg = Release|Any CPU
		{670FB941-50C7-4B12-8C2A-2C529A8D0BC5}.Release|Mixed Platforms.Build.0 = Release|Any CPU
		{670FB941-50C7-4B12-8C2A-2C529A8D0BC5}.Release|x64.ActiveCfg = Release|Any CPU
		{670FB941-50C7-4B12-8C2A-2C529A8D0BC5}.Release|x64.Build.0 = Release|Any CPU
		{670FB941-50C7-4B12-8C2A-2C529A8D0BC5}.Release|x86.ActiveCfg = Release|Any CPU
		{670FB941-50C7-4B12-8C2A-2C529A8D0BC5}.Release|x86.Build.0 = Release|Any CPU
		{2F5AB4AE-2A2F-4700-A05B-FF2F96212581}.Ad-Hoc|Any CPU.ActiveCfg = Release|Any CPU
		{2F5AB4AE-2A2F-4700-A05B-FF2F96212581}.Ad-Hoc|Any CPU.Build.0 = Release|Any CPU
		{2F5AB4AE-2A2F-4700-A05B-FF2F96212581}.Ad-Hoc|ARM.ActiveCfg = Release|ARM
		{2F5AB4AE-2A2F-4700-A05B-FF2F96212581}.Ad-Hoc|ARM.Build.0 = Release|ARM
		{2F5AB4AE-2A2F-4700-A05B-FF2F96212581}.Ad-Hoc|iPhone.ActiveCfg = Release|Any CPU
		{2F5AB4AE-2A2F-4700-A05B-FF2F96212581}.Ad-Hoc|iPhone.Build.0 = Release|Any CPU
		{2F5AB4AE-2A2F-4700-A05B-FF2F96212581}.Ad-Hoc|iPhoneSimulator.ActiveCfg = Release|Any CPU
		{2F5AB4AE-2A2F-4700-A05B-FF2F96212581}.Ad-Hoc|iPhoneSimulator.Build.0 = Release|Any CPU
		{2F5AB4AE-2A2F-4700-A05B-FF2F96212581}.Ad-Hoc|Mixed Platforms.ActiveCfg = Release|x86
		{2F5AB4AE-2A2F-4700-A05B-FF2F96212581}.Ad-Hoc|Mixed Platforms.Build.0 = Release|x86
		{2F5AB4AE-2A2F-4700-A05B-FF2F96212581}.Ad-Hoc|x64.ActiveCfg = Release|x64
		{2F5AB4AE-2A2F-4700-A05B-FF2F96212581}.Ad-Hoc|x64.Build.0 = Release|x64
		{2F5AB4AE-2A2F-4700-A05B-FF2F96212581}.Ad-Hoc|x86.ActiveCfg = Release|x86
		{2F5AB4AE-2A2F-4700-A05B-FF2F96212581}.Ad-Hoc|x86.Build.0 = Release|x86
		{2F5AB4AE-2A2F-4700-A05B-FF2F96212581}.AppStore|Any CPU.ActiveCfg = Release|Any CPU
		{2F5AB4AE-2A2F-4700-A05B-FF2F96212581}.AppStore|Any CPU.Build.0 = Release|Any CPU
		{2F5AB4AE-2A2F-4700-A05B-FF2F96212581}.AppStore|ARM.ActiveCfg = Release|ARM
		{2F5AB4AE-2A2F-4700-A05B-FF2F96212581}.AppStore|ARM.Build.0 = Release|ARM
		{2F5AB4AE-2A2F-4700-A05B-FF2F96212581}.AppStore|iPhone.ActiveCfg = Release|Any CPU
		{2F5AB4AE-2A2F-4700-A05B-FF2F96212581}.AppStore|iPhone.Build.0 = Release|Any CPU
		{2F5AB4AE-2A2F-4700-A05B-FF2F96212581}.AppStore|iPhoneSimulator.ActiveCfg = Release|Any CPU
		{2F5AB4AE-2A2F-4700-A05B-FF2F96212581}.AppStore|iPhoneSimulator.Build.0 = Release|Any CPU
		{2F5AB4AE-2A2F-4700-A05B-FF2F96212581}.AppStore|Mixed Platforms.ActiveCfg = Release|x86
		{2F5AB4AE-2A2F-4700-A05B-FF2F96212581}.AppStore|Mixed Platforms.Build.0 = Release|x86
		{2F5AB4AE-2A2F-4700-A05B-FF2F96212581}.AppStore|x64.ActiveCfg = Release|x64
		{2F5AB4AE-2A2F-4700-A05B-FF2F96212581}.AppStore|x64.Build.0 = Release|x64
		{2F5AB4AE-2A2F-4700-A05B-FF2F96212581}.AppStore|x86.ActiveCfg = Release|x86
		{2F5AB4AE-2A2F-4700-A05B-FF2F96212581}.AppStore|x86.Build.0 = Release|x86
		{2F5AB4AE-2A2F-4700-A05B-FF2F96212581}.AppVeyor|Any CPU.ActiveCfg = AppVeyor|Any CPU
		{2F5AB4AE-2A2F-4700-A05B-FF2F96212581}.AppVeyor|Any CPU.Build.0 = AppVeyor|Any CPU
		{2F5AB4AE-2A2F-4700-A05B-FF2F96212581}.AppVeyor|ARM.ActiveCfg = AppVeyor|ARM
		{2F5AB4AE-2A2F-4700-A05B-FF2F96212581}.AppVeyor|ARM.Build.0 = AppVeyor|ARM
		{2F5AB4AE-2A2F-4700-A05B-FF2F96212581}.AppVeyor|iPhone.ActiveCfg = AppVeyor|Any CPU
		{2F5AB4AE-2A2F-4700-A05B-FF2F96212581}.AppVeyor|iPhone.Build.0 = AppVeyor|Any CPU
		{2F5AB4AE-2A2F-4700-A05B-FF2F96212581}.AppVeyor|iPhoneSimulator.ActiveCfg = AppVeyor|Any CPU
		{2F5AB4AE-2A2F-4700-A05B-FF2F96212581}.AppVeyor|iPhoneSimulator.Build.0 = AppVeyor|Any CPU
		{2F5AB4AE-2A2F-4700-A05B-FF2F96212581}.AppVeyor|Mixed Platforms.ActiveCfg = AppVeyor|x86
		{2F5AB4AE-2A2F-4700-A05B-FF2F96212581}.AppVeyor|Mixed Platforms.Build.0 = AppVeyor|x86
		{2F5AB4AE-2A2F-4700-A05B-FF2F96212581}.AppVeyor|x64.ActiveCfg = AppVeyor|x64
		{2F5AB4AE-2A2F-4700-A05B-FF2F96212581}.AppVeyor|x64.Build.0 = AppVeyor|x64
		{2F5AB4AE-2A2F-4700-A05B-FF2F96212581}.AppVeyor|x86.ActiveCfg = AppVeyor|x86
		{2F5AB4AE-2A2F-4700-A05B-FF2F96212581}.AppVeyor|x86.Build.0 = AppVeyor|x86
		{2F5AB4AE-2A2F-4700-A05B-FF2F96212581}.Debug|Any CPU.ActiveCfg = Debug|Any CPU
		{2F5AB4AE-2A2F-4700-A05B-FF2F96212581}.Debug|Any CPU.Build.0 = Debug|Any CPU
		{2F5AB4AE-2A2F-4700-A05B-FF2F96212581}.Debug|ARM.ActiveCfg = Debug|ARM
		{2F5AB4AE-2A2F-4700-A05B-FF2F96212581}.Debug|ARM.Build.0 = Debug|ARM
		{2F5AB4AE-2A2F-4700-A05B-FF2F96212581}.Debug|iPhone.ActiveCfg = Debug|Any CPU
		{2F5AB4AE-2A2F-4700-A05B-FF2F96212581}.Debug|iPhone.Build.0 = Debug|Any CPU
		{2F5AB4AE-2A2F-4700-A05B-FF2F96212581}.Debug|iPhoneSimulator.ActiveCfg = Debug|Any CPU
		{2F5AB4AE-2A2F-4700-A05B-FF2F96212581}.Debug|iPhoneSimulator.Build.0 = Debug|Any CPU
		{2F5AB4AE-2A2F-4700-A05B-FF2F96212581}.Debug|Mixed Platforms.ActiveCfg = Debug|x86
		{2F5AB4AE-2A2F-4700-A05B-FF2F96212581}.Debug|Mixed Platforms.Build.0 = Debug|x86
		{2F5AB4AE-2A2F-4700-A05B-FF2F96212581}.Debug|x64.ActiveCfg = Debug|x64
		{2F5AB4AE-2A2F-4700-A05B-FF2F96212581}.Debug|x64.Build.0 = Debug|x64
		{2F5AB4AE-2A2F-4700-A05B-FF2F96212581}.Debug|x86.ActiveCfg = Debug|x86
		{2F5AB4AE-2A2F-4700-A05B-FF2F96212581}.Debug|x86.Build.0 = Debug|x86
		{2F5AB4AE-2A2F-4700-A05B-FF2F96212581}.Release|Any CPU.ActiveCfg = Release|Any CPU
		{2F5AB4AE-2A2F-4700-A05B-FF2F96212581}.Release|Any CPU.Build.0 = Release|Any CPU
		{2F5AB4AE-2A2F-4700-A05B-FF2F96212581}.Release|ARM.ActiveCfg = Release|ARM
		{2F5AB4AE-2A2F-4700-A05B-FF2F96212581}.Release|ARM.Build.0 = Release|ARM
		{2F5AB4AE-2A2F-4700-A05B-FF2F96212581}.Release|iPhone.ActiveCfg = Release|Any CPU
		{2F5AB4AE-2A2F-4700-A05B-FF2F96212581}.Release|iPhone.Build.0 = Release|Any CPU
		{2F5AB4AE-2A2F-4700-A05B-FF2F96212581}.Release|iPhoneSimulator.ActiveCfg = Release|Any CPU
		{2F5AB4AE-2A2F-4700-A05B-FF2F96212581}.Release|iPhoneSimulator.Build.0 = Release|Any CPU
		{2F5AB4AE-2A2F-4700-A05B-FF2F96212581}.Release|Mixed Platforms.ActiveCfg = Release|x86
		{2F5AB4AE-2A2F-4700-A05B-FF2F96212581}.Release|Mixed Platforms.Build.0 = Release|x86
		{2F5AB4AE-2A2F-4700-A05B-FF2F96212581}.Release|x64.ActiveCfg = Release|x64
		{2F5AB4AE-2A2F-4700-A05B-FF2F96212581}.Release|x64.Build.0 = Release|x64
		{2F5AB4AE-2A2F-4700-A05B-FF2F96212581}.Release|x86.ActiveCfg = Release|x86
		{2F5AB4AE-2A2F-4700-A05B-FF2F96212581}.Release|x86.Build.0 = Release|x86
		{D6CB4C2F-5F40-4D76-8C5C-6453ED829743}.Ad-Hoc|Any CPU.ActiveCfg = Release|x64
		{D6CB4C2F-5F40-4D76-8C5C-6453ED829743}.Ad-Hoc|Any CPU.Build.0 = Release|x64
		{D6CB4C2F-5F40-4D76-8C5C-6453ED829743}.Ad-Hoc|Any CPU.Deploy.0 = Release|x64
		{D6CB4C2F-5F40-4D76-8C5C-6453ED829743}.Ad-Hoc|ARM.ActiveCfg = Release|ARM
		{D6CB4C2F-5F40-4D76-8C5C-6453ED829743}.Ad-Hoc|ARM.Build.0 = Release|ARM
		{D6CB4C2F-5F40-4D76-8C5C-6453ED829743}.Ad-Hoc|ARM.Deploy.0 = Release|ARM
		{D6CB4C2F-5F40-4D76-8C5C-6453ED829743}.Ad-Hoc|iPhone.ActiveCfg = Release|x64
		{D6CB4C2F-5F40-4D76-8C5C-6453ED829743}.Ad-Hoc|iPhone.Build.0 = Release|x64
		{D6CB4C2F-5F40-4D76-8C5C-6453ED829743}.Ad-Hoc|iPhone.Deploy.0 = Release|x64
		{D6CB4C2F-5F40-4D76-8C5C-6453ED829743}.Ad-Hoc|iPhoneSimulator.ActiveCfg = Release|x64
		{D6CB4C2F-5F40-4D76-8C5C-6453ED829743}.Ad-Hoc|iPhoneSimulator.Build.0 = Release|x64
		{D6CB4C2F-5F40-4D76-8C5C-6453ED829743}.Ad-Hoc|iPhoneSimulator.Deploy.0 = Release|x64
		{D6CB4C2F-5F40-4D76-8C5C-6453ED829743}.Ad-Hoc|Mixed Platforms.ActiveCfg = Release|x86
		{D6CB4C2F-5F40-4D76-8C5C-6453ED829743}.Ad-Hoc|Mixed Platforms.Build.0 = Release|x86
		{D6CB4C2F-5F40-4D76-8C5C-6453ED829743}.Ad-Hoc|Mixed Platforms.Deploy.0 = Release|x86
		{D6CB4C2F-5F40-4D76-8C5C-6453ED829743}.Ad-Hoc|x64.ActiveCfg = Release|x64
		{D6CB4C2F-5F40-4D76-8C5C-6453ED829743}.Ad-Hoc|x64.Build.0 = Release|x64
		{D6CB4C2F-5F40-4D76-8C5C-6453ED829743}.Ad-Hoc|x64.Deploy.0 = Release|x64
		{D6CB4C2F-5F40-4D76-8C5C-6453ED829743}.Ad-Hoc|x86.ActiveCfg = Release|x86
		{D6CB4C2F-5F40-4D76-8C5C-6453ED829743}.Ad-Hoc|x86.Build.0 = Release|x86
		{D6CB4C2F-5F40-4D76-8C5C-6453ED829743}.Ad-Hoc|x86.Deploy.0 = Release|x86
		{D6CB4C2F-5F40-4D76-8C5C-6453ED829743}.AppStore|Any CPU.ActiveCfg = Release|x64
		{D6CB4C2F-5F40-4D76-8C5C-6453ED829743}.AppStore|Any CPU.Build.0 = Release|x64
		{D6CB4C2F-5F40-4D76-8C5C-6453ED829743}.AppStore|Any CPU.Deploy.0 = Release|x64
		{D6CB4C2F-5F40-4D76-8C5C-6453ED829743}.AppStore|ARM.ActiveCfg = Release|ARM
		{D6CB4C2F-5F40-4D76-8C5C-6453ED829743}.AppStore|ARM.Build.0 = Release|ARM
		{D6CB4C2F-5F40-4D76-8C5C-6453ED829743}.AppStore|ARM.Deploy.0 = Release|ARM
		{D6CB4C2F-5F40-4D76-8C5C-6453ED829743}.AppStore|iPhone.ActiveCfg = Release|x64
		{D6CB4C2F-5F40-4D76-8C5C-6453ED829743}.AppStore|iPhone.Build.0 = Release|x64
		{D6CB4C2F-5F40-4D76-8C5C-6453ED829743}.AppStore|iPhone.Deploy.0 = Release|x64
		{D6CB4C2F-5F40-4D76-8C5C-6453ED829743}.AppStore|iPhoneSimulator.ActiveCfg = Release|x64
		{D6CB4C2F-5F40-4D76-8C5C-6453ED829743}.AppStore|iPhoneSimulator.Build.0 = Release|x64
		{D6CB4C2F-5F40-4D76-8C5C-6453ED829743}.AppStore|iPhoneSimulator.Deploy.0 = Release|x64
		{D6CB4C2F-5F40-4D76-8C5C-6453ED829743}.AppStore|Mixed Platforms.ActiveCfg = Release|x86
		{D6CB4C2F-5F40-4D76-8C5C-6453ED829743}.AppStore|Mixed Platforms.Build.0 = Release|x86
		{D6CB4C2F-5F40-4D76-8C5C-6453ED829743}.AppStore|Mixed Platforms.Deploy.0 = Release|x86
		{D6CB4C2F-5F40-4D76-8C5C-6453ED829743}.AppStore|x64.ActiveCfg = Release|x64
		{D6CB4C2F-5F40-4D76-8C5C-6453ED829743}.AppStore|x64.Build.0 = Release|x64
		{D6CB4C2F-5F40-4D76-8C5C-6453ED829743}.AppStore|x64.Deploy.0 = Release|x64
		{D6CB4C2F-5F40-4D76-8C5C-6453ED829743}.AppStore|x86.ActiveCfg = Release|x86
		{D6CB4C2F-5F40-4D76-8C5C-6453ED829743}.AppStore|x86.Build.0 = Release|x86
		{D6CB4C2F-5F40-4D76-8C5C-6453ED829743}.AppStore|x86.Deploy.0 = Release|x86
		{D6CB4C2F-5F40-4D76-8C5C-6453ED829743}.AppVeyor|Any CPU.ActiveCfg = AppVeyor|x86
		{D6CB4C2F-5F40-4D76-8C5C-6453ED829743}.AppVeyor|ARM.ActiveCfg = AppVeyor|ARM
		{D6CB4C2F-5F40-4D76-8C5C-6453ED829743}.AppVeyor|ARM.Deploy.0 = AppVeyor|ARM
		{D6CB4C2F-5F40-4D76-8C5C-6453ED829743}.AppVeyor|iPhone.ActiveCfg = AppVeyor|x86
		{D6CB4C2F-5F40-4D76-8C5C-6453ED829743}.AppVeyor|iPhoneSimulator.ActiveCfg = AppVeyor|x86
		{D6CB4C2F-5F40-4D76-8C5C-6453ED829743}.AppVeyor|Mixed Platforms.ActiveCfg = AppVeyor|x86
		{D6CB4C2F-5F40-4D76-8C5C-6453ED829743}.AppVeyor|Mixed Platforms.Build.0 = AppVeyor|x86
		{D6CB4C2F-5F40-4D76-8C5C-6453ED829743}.AppVeyor|Mixed Platforms.Deploy.0 = AppVeyor|x86
		{D6CB4C2F-5F40-4D76-8C5C-6453ED829743}.AppVeyor|x64.ActiveCfg = AppVeyor|x64
		{D6CB4C2F-5F40-4D76-8C5C-6453ED829743}.AppVeyor|x64.Deploy.0 = AppVeyor|x64
		{D6CB4C2F-5F40-4D76-8C5C-6453ED829743}.AppVeyor|x86.ActiveCfg = AppVeyor|x86
		{D6CB4C2F-5F40-4D76-8C5C-6453ED829743}.AppVeyor|x86.Deploy.0 = AppVeyor|x86
		{D6CB4C2F-5F40-4D76-8C5C-6453ED829743}.Debug|Any CPU.ActiveCfg = Debug|x86
		{D6CB4C2F-5F40-4D76-8C5C-6453ED829743}.Debug|Any CPU.Build.0 = Debug|x86
		{D6CB4C2F-5F40-4D76-8C5C-6453ED829743}.Debug|Any CPU.Deploy.0 = Debug|x86
		{D6CB4C2F-5F40-4D76-8C5C-6453ED829743}.Debug|ARM.ActiveCfg = Debug|ARM
		{D6CB4C2F-5F40-4D76-8C5C-6453ED829743}.Debug|ARM.Build.0 = Debug|ARM
		{D6CB4C2F-5F40-4D76-8C5C-6453ED829743}.Debug|ARM.Deploy.0 = Debug|ARM
		{D6CB4C2F-5F40-4D76-8C5C-6453ED829743}.Debug|iPhone.ActiveCfg = Debug|x86
		{D6CB4C2F-5F40-4D76-8C5C-6453ED829743}.Debug|iPhoneSimulator.ActiveCfg = Debug|x86
		{D6CB4C2F-5F40-4D76-8C5C-6453ED829743}.Debug|Mixed Platforms.ActiveCfg = Debug|x86
		{D6CB4C2F-5F40-4D76-8C5C-6453ED829743}.Debug|Mixed Platforms.Build.0 = Debug|x86
		{D6CB4C2F-5F40-4D76-8C5C-6453ED829743}.Debug|Mixed Platforms.Deploy.0 = Debug|x86
		{D6CB4C2F-5F40-4D76-8C5C-6453ED829743}.Debug|x64.ActiveCfg = Debug|x64
		{D6CB4C2F-5F40-4D76-8C5C-6453ED829743}.Debug|x64.Build.0 = Debug|x64
		{D6CB4C2F-5F40-4D76-8C5C-6453ED829743}.Debug|x64.Deploy.0 = Debug|x64
		{D6CB4C2F-5F40-4D76-8C5C-6453ED829743}.Debug|x86.ActiveCfg = Debug|x86
		{D6CB4C2F-5F40-4D76-8C5C-6453ED829743}.Debug|x86.Build.0 = Debug|x86
		{D6CB4C2F-5F40-4D76-8C5C-6453ED829743}.Debug|x86.Deploy.0 = Debug|x86
		{D6CB4C2F-5F40-4D76-8C5C-6453ED829743}.Release|Any CPU.ActiveCfg = Release|x86
		{D6CB4C2F-5F40-4D76-8C5C-6453ED829743}.Release|ARM.ActiveCfg = Release|ARM
		{D6CB4C2F-5F40-4D76-8C5C-6453ED829743}.Release|ARM.Build.0 = Release|ARM
		{D6CB4C2F-5F40-4D76-8C5C-6453ED829743}.Release|ARM.Deploy.0 = Release|ARM
		{D6CB4C2F-5F40-4D76-8C5C-6453ED829743}.Release|iPhone.ActiveCfg = Release|x86
		{D6CB4C2F-5F40-4D76-8C5C-6453ED829743}.Release|iPhoneSimulator.ActiveCfg = Release|x86
		{D6CB4C2F-5F40-4D76-8C5C-6453ED829743}.Release|Mixed Platforms.ActiveCfg = Release|x86
		{D6CB4C2F-5F40-4D76-8C5C-6453ED829743}.Release|Mixed Platforms.Build.0 = Release|x86
		{D6CB4C2F-5F40-4D76-8C5C-6453ED829743}.Release|Mixed Platforms.Deploy.0 = Release|x86
		{D6CB4C2F-5F40-4D76-8C5C-6453ED829743}.Release|x64.ActiveCfg = Release|x64
		{D6CB4C2F-5F40-4D76-8C5C-6453ED829743}.Release|x64.Build.0 = Release|x64
		{D6CB4C2F-5F40-4D76-8C5C-6453ED829743}.Release|x64.Deploy.0 = Release|x64
		{D6CB4C2F-5F40-4D76-8C5C-6453ED829743}.Release|x86.ActiveCfg = Release|x86
		{D6CB4C2F-5F40-4D76-8C5C-6453ED829743}.Release|x86.Build.0 = Release|x86
		{D6CB4C2F-5F40-4D76-8C5C-6453ED829743}.Release|x86.Deploy.0 = Release|x86
	EndGlobalSection
	GlobalSection(SolutionProperties) = preSolution
		HideSolutionNode = FALSE
	EndGlobalSection
	GlobalSection(NestedProjects) = preSolution
		{D7D6B726-1808-42E4-AB74-0AE1EDB15093} = {1FDEEB2F-C0DF-4CBB-A587-627E54BC7B12}
		{AEC1EF18-E62F-4DB0-B94D-4CBF9F191192} = {1FDEEB2F-C0DF-4CBB-A587-627E54BC7B12}
		{5AA8381E-2CC7-46FD-93A2-00B03041F113} = {1FDEEB2F-C0DF-4CBB-A587-627E54BC7B12}
		{F15C3EBC-E31F-44D3-8E58-6B72A7328870} = {FD06838B-272E-4D86-A96C-F1ADEF6BF7B3}
		{83059F12-4C47-4811-AB79-3478800B3B5B} = {FD06838B-272E-4D86-A96C-F1ADEF6BF7B3}
		{670FB941-50C7-4B12-8C2A-2C529A8D0BC5} = {FD06838B-272E-4D86-A96C-F1ADEF6BF7B3}
		{D6CB4C2F-5F40-4D76-8C5C-6453ED829743} = {1FDEEB2F-C0DF-4CBB-A587-627E54BC7B12}
	EndGlobalSection
	GlobalSection(ExtensibilityGlobals) = postSolution
		SolutionGuid = {E7FE1D34-070F-43B3-B5EF-7A6A11783C27}
	EndGlobalSection
EndGlobal
