
Microsoft Visual Studio Solution File, Format Version 12.00
# Visual Studio Version 16
VisualStudioVersion = 16.0.29609.76
MinimumVisualStudioVersion = 14.0.25123.0
Project("{9A19103F-16F7-4668-BE54-9A1E7A4F7556}") = "TK.CustomMap", "TK.CustomMap\TK.CustomMap.csproj", "{14C534B6-1984-41A9-A384-D3A5508588E3}"
EndProject
Project("{FAE04EC0-301F-11D3-BF4B-00C04F79EFBC}") = "TK.CustomMap.iOSUnified", "TK.CustomMap.iOSUnified\TK.CustomMap.iOSUnified.csproj", "{D525F236-6A2D-4010-B1CC-4A4B8581C90B}"
EndProject
Project("{FAE04EC0-301F-11D3-BF4B-00C04F79EFBC}") = "TK.CustomMap.Android", "TK.CustomMap.Android\TK.CustomMap.Android.csproj", "{AD2D2DB4-E781-4CF1-9B62-3AAD264F196D}"
EndProject
Project("{2150E333-8FDC-42A3-9474-1A3956D46DE8}") = "docs", "docs", "{ABC98CC7-8A96-4D81-B142-B16BE0642C08}"
	ProjectSection(SolutionItems) = preProject
		..\docs\README.md = ..\docs\README.md
	EndProjectSection
EndProject
Project("{2150E333-8FDC-42A3-9474-1A3956D46DE8}") = "Samples", "Samples", "{D375F325-6A84-41C8-91AB-240396800C59}"
EndProject
Project("{2150E333-8FDC-42A3-9474-1A3956D46DE8}") = "CalloutSample", "CalloutSample", "{EAB528A1-1A95-46B5-B65A-06585C2BBF41}"
EndProject
Project("{2150E333-8FDC-42A3-9474-1A3956D46DE8}") = "Sample", "Sample", "{C99F90EA-9C47-4084-995E-E7F03BF837D5}"
EndProject
Project("{9A19103F-16F7-4668-BE54-9A1E7A4F7556}") = "CalloutSample", "Samples\CalloutSample\CalloutSample\CalloutSample.csproj", "{8F65210E-18B6-403C-92B6-596EB665C5FE}"
EndProject
Project("{FAE04EC0-301F-11D3-BF4B-00C04F79EFBC}") = "CalloutSample.Droid", "Samples\CalloutSample\CalloutSample.Droid\CalloutSample.Droid.csproj", "{2802F0FB-F22C-437A-9832-E3EC09AC6853}"
EndProject
Project("{FAE04EC0-301F-11D3-BF4B-00C04F79EFBC}") = "CalloutSample.iOS", "Samples\CalloutSample\CalloutSample.iOS\CalloutSample.iOS.csproj", "{F7976027-FDBD-47FA-917D-AD6DDB0CCE04}"
EndProject
Project("{9A19103F-16F7-4668-BE54-9A1E7A4F7556}") = "TK.CustomMap.Sample", "Samples\Sample\TK.CustomMap.Sample\TK.CustomMap.Sample.csproj", "{3BC7362E-DFEF-4A5F-BDF1-592ACAEA5377}"
EndProject
Project("{FAE04EC0-301F-11D3-BF4B-00C04F79EFBC}") = "TK.CustomMap.Sample.Droid", "Samples\Sample\TK.CustomMap.Sample.Droid\TK.CustomMap.Sample.Droid.csproj", "{5AA8381E-2CC7-46FD-93A2-00B03041F113}"
EndProject
Project("{FAE04EC0-301F-11D3-BF4B-00C04F79EFBC}") = "TK.CustomMap.Sample.iOS", "Samples\Sample\TK.CustomMap.Sample.iOS\TK.CustomMap.Sample.iOS.csproj", "{AEC1EF18-E62F-4DB0-B94D-4CBF9F191192}"
EndProject
Project("{2150E333-8FDC-42A3-9474-1A3956D46DE8}") = "nuget", "nuget", "{EF81005D-4B75-4A8C-ACBA-192A6988DD63}"
	ProjectSection(SolutionItems) = preProject
		..\nuget\TK.CustomMap.nuspec = ..\nuget\TK.CustomMap.nuspec
	EndProjectSection
EndProject
Global
	GlobalSection(SolutionConfigurationPlatforms) = preSolution
		AppVeyor|Any CPU = AppVeyor|Any CPU
		AppVeyor|ARM = AppVeyor|ARM
		AppVeyor|iPhone = AppVeyor|iPhone
		AppVeyor|iPhoneSimulator = AppVeyor|iPhoneSimulator
		AppVeyor|Mixed Platforms = AppVeyor|Mixed Platforms
		AppVeyor|x64 = AppVeyor|x64
		AppVeyor|x86 = AppVeyor|x86
		Debug|Any CPU = Debug|Any CPU
		Debug|ARM = Debug|ARM
		Debug|iPhone = Debug|iPhone
		Debug|iPhoneSimulator = Debug|iPhoneSimulator
		Debug|Mixed Platforms = Debug|Mixed Platforms
		Debug|x64 = Debug|x64
		Debug|x86 = Debug|x86
		Release|Any CPU = Release|Any CPU
		Release|ARM = Release|ARM
		Release|iPhone = Release|iPhone
		Release|iPhoneSimulator = Release|iPhoneSimulator
		Release|Mixed Platforms = Release|Mixed Platforms
		Release|x64 = Release|x64
		Release|x86 = Release|x86
	EndGlobalSection
	GlobalSection(ProjectConfigurationPlatforms) = postSolution
		{14C534B6-1984-41A9-A384-D3A5508588E3}.AppVeyor|Any CPU.ActiveCfg = AppVeyor|Any CPU
		{14C534B6-1984-41A9-A384-D3A5508588E3}.AppVeyor|Any CPU.Build.0 = AppVeyor|Any CPU
		{14C534B6-1984-41A9-A384-D3A5508588E3}.AppVeyor|ARM.ActiveCfg = AppVeyor|Any CPU
		{14C534B6-1984-41A9-A384-D3A5508588E3}.AppVeyor|ARM.Build.0 = AppVeyor|Any CPU
		{14C534B6-1984-41A9-A384-D3A5508588E3}.AppVeyor|iPhone.ActiveCfg = AppVeyor|Any CPU
		{14C534B6-1984-41A9-A384-D3A5508588E3}.AppVeyor|iPhone.Build.0 = AppVeyor|Any CPU
		{14C534B6-1984-41A9-A384-D3A5508588E3}.AppVeyor|iPhoneSimulator.ActiveCfg = AppVeyor|Any CPU
		{14C534B6-1984-41A9-A384-D3A5508588E3}.AppVeyor|iPhoneSimulator.Build.0 = AppVeyor|Any CPU
		{14C534B6-1984-41A9-A384-D3A5508588E3}.AppVeyor|Mixed Platforms.ActiveCfg = AppVeyor|Any CPU
		{14C534B6-1984-41A9-A384-D3A5508588E3}.AppVeyor|Mixed Platforms.Build.0 = AppVeyor|Any CPU
		{14C534B6-1984-41A9-A384-D3A5508588E3}.AppVeyor|x64.ActiveCfg = AppVeyor|Any CPU
		{14C534B6-1984-41A9-A384-D3A5508588E3}.AppVeyor|x64.Build.0 = AppVeyor|Any CPU
		{14C534B6-1984-41A9-A384-D3A5508588E3}.AppVeyor|x86.ActiveCfg = AppVeyor|Any CPU
		{14C534B6-1984-41A9-A384-D3A5508588E3}.AppVeyor|x86.Build.0 = AppVeyor|Any CPU
		{14C534B6-1984-41A9-A384-D3A5508588E3}.Debug|Any CPU.ActiveCfg = Debug|Any CPU
		{14C534B6-1984-41A9-A384-D3A5508588E3}.Debug|Any CPU.Build.0 = Debug|Any CPU
		{14C534B6-1984-41A9-A384-D3A5508588E3}.Debug|ARM.ActiveCfg = Debug|Any CPU
		{14C534B6-1984-41A9-A384-D3A5508588E3}.Debug|ARM.Build.0 = Debug|Any CPU
		{14C534B6-1984-41A9-A384-D3A5508588E3}.Debug|iPhone.ActiveCfg = Debug|Any CPU
		{14C534B6-1984-41A9-A384-D3A5508588E3}.Debug|iPhone.Build.0 = Debug|Any CPU
		{14C534B6-1984-41A9-A384-D3A5508588E3}.Debug|iPhoneSimulator.ActiveCfg = Debug|Any CPU
		{14C534B6-1984-41A9-A384-D3A5508588E3}.Debug|iPhoneSimulator.Build.0 = Debug|Any CPU
		{14C534B6-1984-41A9-A384-D3A5508588E3}.Debug|Mixed Platforms.ActiveCfg = Debug|Any CPU
		{14C534B6-1984-41A9-A384-D3A5508588E3}.Debug|Mixed Platforms.Build.0 = Debug|Any CPU
		{14C534B6-1984-41A9-A384-D3A5508588E3}.Debug|x64.ActiveCfg = Debug|Any CPU
		{14C534B6-1984-41A9-A384-D3A5508588E3}.Debug|x64.Build.0 = Debug|Any CPU
		{14C534B6-1984-41A9-A384-D3A5508588E3}.Debug|x86.ActiveCfg = Debug|Any CPU
		{14C534B6-1984-41A9-A384-D3A5508588E3}.Debug|x86.Build.0 = Debug|Any CPU
		{14C534B6-1984-41A9-A384-D3A5508588E3}.Release|Any CPU.ActiveCfg = Release|Any CPU
		{14C534B6-1984-41A9-A384-D3A5508588E3}.Release|Any CPU.Build.0 = Release|Any CPU
		{14C534B6-1984-41A9-A384-D3A5508588E3}.Release|ARM.ActiveCfg = Release|Any CPU
		{14C534B6-1984-41A9-A384-D3A5508588E3}.Release|ARM.Build.0 = Release|Any CPU
		{14C534B6-1984-41A9-A384-D3A5508588E3}.Release|iPhone.ActiveCfg = Release|Any CPU
		{14C534B6-1984-41A9-A384-D3A5508588E3}.Release|iPhoneSimulator.ActiveCfg = Release|Any CPU
		{14C534B6-1984-41A9-A384-D3A5508588E3}.Release|Mixed Platforms.ActiveCfg = Release|Any CPU
		{14C534B6-1984-41A9-A384-D3A5508588E3}.Release|Mixed Platforms.Build.0 = Release|Any CPU
		{14C534B6-1984-41A9-A384-D3A5508588E3}.Release|x64.ActiveCfg = Release|Any CPU
		{14C534B6-1984-41A9-A384-D3A5508588E3}.Release|x64.Build.0 = Release|Any CPU
		{14C534B6-1984-41A9-A384-D3A5508588E3}.Release|x86.ActiveCfg = Release|Any CPU
		{14C534B6-1984-41A9-A384-D3A5508588E3}.Release|x86.Build.0 = Release|Any CPU
		{D525F236-6A2D-4010-B1CC-4A4B8581C90B}.AppVeyor|Any CPU.ActiveCfg = AppVeyor|Any CPU
		{D525F236-6A2D-4010-B1CC-4A4B8581C90B}.AppVeyor|Any CPU.Build.0 = AppVeyor|Any CPU
		{D525F236-6A2D-4010-B1CC-4A4B8581C90B}.AppVeyor|ARM.ActiveCfg = AppVeyor|Any CPU
		{D525F236-6A2D-4010-B1CC-4A4B8581C90B}.AppVeyor|ARM.Build.0 = AppVeyor|Any CPU
		{D525F236-6A2D-4010-B1CC-4A4B8581C90B}.AppVeyor|iPhone.ActiveCfg = AppVeyor|Any CPU
		{D525F236-6A2D-4010-B1CC-4A4B8581C90B}.AppVeyor|iPhone.Build.0 = AppVeyor|Any CPU
		{D525F236-6A2D-4010-B1CC-4A4B8581C90B}.AppVeyor|iPhoneSimulator.ActiveCfg = AppVeyor|Any CPU
		{D525F236-6A2D-4010-B1CC-4A4B8581C90B}.AppVeyor|iPhoneSimulator.Build.0 = AppVeyor|Any CPU
		{D525F236-6A2D-4010-B1CC-4A4B8581C90B}.AppVeyor|Mixed Platforms.ActiveCfg = AppVeyor|Any CPU
		{D525F236-6A2D-4010-B1CC-4A4B8581C90B}.AppVeyor|Mixed Platforms.Build.0 = AppVeyor|Any CPU
		{D525F236-6A2D-4010-B1CC-4A4B8581C90B}.AppVeyor|x64.ActiveCfg = AppVeyor|Any CPU
		{D525F236-6A2D-4010-B1CC-4A4B8581C90B}.AppVeyor|x64.Build.0 = AppVeyor|Any CPU
		{D525F236-6A2D-4010-B1CC-4A4B8581C90B}.AppVeyor|x86.ActiveCfg = AppVeyor|Any CPU
		{D525F236-6A2D-4010-B1CC-4A4B8581C90B}.AppVeyor|x86.Build.0 = AppVeyor|Any CPU
		{D525F236-6A2D-4010-B1CC-4A4B8581C90B}.Debug|Any CPU.ActiveCfg = Debug|Any CPU
		{D525F236-6A2D-4010-B1CC-4A4B8581C90B}.Debug|Any CPU.Build.0 = Debug|Any CPU
		{D525F236-6A2D-4010-B1CC-4A4B8581C90B}.Debug|ARM.ActiveCfg = Debug|Any CPU
		{D525F236-6A2D-4010-B1CC-4A4B8581C90B}.Debug|ARM.Build.0 = Debug|Any CPU
		{D525F236-6A2D-4010-B1CC-4A4B8581C90B}.Debug|iPhone.ActiveCfg = Debug|Any CPU
		{D525F236-6A2D-4010-B1CC-4A4B8581C90B}.Debug|iPhone.Build.0 = Debug|Any CPU
		{D525F236-6A2D-4010-B1CC-4A4B8581C90B}.Debug|iPhoneSimulator.ActiveCfg = Debug|Any CPU
		{D525F236-6A2D-4010-B1CC-4A4B8581C90B}.Debug|iPhoneSimulator.Build.0 = Debug|Any CPU
		{D525F236-6A2D-4010-B1CC-4A4B8581C90B}.Debug|Mixed Platforms.ActiveCfg = Debug|Any CPU
		{D525F236-6A2D-4010-B1CC-4A4B8581C90B}.Debug|Mixed Platforms.Build.0 = Debug|Any CPU
		{D525F236-6A2D-4010-B1CC-4A4B8581C90B}.Debug|x64.ActiveCfg = Debug|Any CPU
		{D525F236-6A2D-4010-B1CC-4A4B8581C90B}.Debug|x64.Build.0 = Debug|Any CPU
		{D525F236-6A2D-4010-B1CC-4A4B8581C90B}.Debug|x86.ActiveCfg = Debug|Any CPU
		{D525F236-6A2D-4010-B1CC-4A4B8581C90B}.Debug|x86.Build.0 = Debug|Any CPU
		{D525F236-6A2D-4010-B1CC-4A4B8581C90B}.Release|Any CPU.ActiveCfg = Release|Any CPU
		{D525F236-6A2D-4010-B1CC-4A4B8581C90B}.Release|Any CPU.Build.0 = Release|Any CPU
		{D525F236-6A2D-4010-B1CC-4A4B8581C90B}.Release|ARM.ActiveCfg = Release|Any CPU
		{D525F236-6A2D-4010-B1CC-4A4B8581C90B}.Release|ARM.Build.0 = Release|Any CPU
		{D525F236-6A2D-4010-B1CC-4A4B8581C90B}.Release|iPhone.ActiveCfg = Release|Any CPU
		{D525F236-6A2D-4010-B1CC-4A4B8581C90B}.Release|iPhoneSimulator.ActiveCfg = Release|Any CPU
		{D525F236-6A2D-4010-B1CC-4A4B8581C90B}.Release|Mixed Platforms.ActiveCfg = Release|Any CPU
		{D525F236-6A2D-4010-B1CC-4A4B8581C90B}.Release|Mixed Platforms.Build.0 = Release|Any CPU
		{D525F236-6A2D-4010-B1CC-4A4B8581C90B}.Release|x64.ActiveCfg = Release|Any CPU
		{D525F236-6A2D-4010-B1CC-4A4B8581C90B}.Release|x64.Build.0 = Release|Any CPU
		{D525F236-6A2D-4010-B1CC-4A4B8581C90B}.Release|x86.ActiveCfg = Release|Any CPU
		{D525F236-6A2D-4010-B1CC-4A4B8581C90B}.Release|x86.Build.0 = Release|Any CPU
		{AD2D2DB4-E781-4CF1-9B62-3AAD264F196D}.AppVeyor|Any CPU.ActiveCfg = AppVeyor|Any CPU
		{AD2D2DB4-E781-4CF1-9B62-3AAD264F196D}.AppVeyor|Any CPU.Build.0 = AppVeyor|Any CPU
		{AD2D2DB4-E781-4CF1-9B62-3AAD264F196D}.AppVeyor|ARM.ActiveCfg = AppVeyor|Any CPU
		{AD2D2DB4-E781-4CF1-9B62-3AAD264F196D}.AppVeyor|ARM.Build.0 = AppVeyor|Any CPU
		{AD2D2DB4-E781-4CF1-9B62-3AAD264F196D}.AppVeyor|iPhone.ActiveCfg = AppVeyor|Any CPU
		{AD2D2DB4-E781-4CF1-9B62-3AAD264F196D}.AppVeyor|iPhone.Build.0 = AppVeyor|Any CPU
		{AD2D2DB4-E781-4CF1-9B62-3AAD264F196D}.AppVeyor|iPhoneSimulator.ActiveCfg = AppVeyor|Any CPU
		{AD2D2DB4-E781-4CF1-9B62-3AAD264F196D}.AppVeyor|iPhoneSimulator.Build.0 = AppVeyor|Any CPU
		{AD2D2DB4-E781-4CF1-9B62-3AAD264F196D}.AppVeyor|Mixed Platforms.ActiveCfg = AppVeyor|Any CPU
		{AD2D2DB4-E781-4CF1-9B62-3AAD264F196D}.AppVeyor|Mixed Platforms.Build.0 = AppVeyor|Any CPU
		{AD2D2DB4-E781-4CF1-9B62-3AAD264F196D}.AppVeyor|x64.ActiveCfg = AppVeyor|Any CPU
		{AD2D2DB4-E781-4CF1-9B62-3AAD264F196D}.AppVeyor|x64.Build.0 = AppVeyor|Any CPU
		{AD2D2DB4-E781-4CF1-9B62-3AAD264F196D}.AppVeyor|x86.ActiveCfg = AppVeyor|Any CPU
		{AD2D2DB4-E781-4CF1-9B62-3AAD264F196D}.AppVeyor|x86.Build.0 = AppVeyor|Any CPU
		{AD2D2DB4-E781-4CF1-9B62-3AAD264F196D}.Debug|Any CPU.ActiveCfg = Debug|Any CPU
		{AD2D2DB4-E781-4CF1-9B62-3AAD264F196D}.Debug|Any CPU.Build.0 = Debug|Any CPU
		{AD2D2DB4-E781-4CF1-9B62-3AAD264F196D}.Debug|ARM.ActiveCfg = Debug|Any CPU
		{AD2D2DB4-E781-4CF1-9B62-3AAD264F196D}.Debug|ARM.Build.0 = Debug|Any CPU
		{AD2D2DB4-E781-4CF1-9B62-3AAD264F196D}.Debug|iPhone.ActiveCfg = Debug|Any CPU
		{AD2D2DB4-E781-4CF1-9B62-3AAD264F196D}.Debug|iPhoneSimulator.ActiveCfg = Debug|Any CPU
		{AD2D2DB4-E781-4CF1-9B62-3AAD264F196D}.Debug|Mixed Platforms.ActiveCfg = Debug|Any CPU
		{AD2D2DB4-E781-4CF1-9B62-3AAD264F196D}.Debug|Mixed Platforms.Build.0 = Debug|Any CPU
		{AD2D2DB4-E781-4CF1-9B62-3AAD264F196D}.Debug|x64.ActiveCfg = Debug|Any CPU
		{AD2D2DB4-E781-4CF1-9B62-3AAD264F196D}.Debug|x64.Build.0 = Debug|Any CPU
		{AD2D2DB4-E781-4CF1-9B62-3AAD264F196D}.Debug|x86.ActiveCfg = Debug|Any CPU
		{AD2D2DB4-E781-4CF1-9B62-3AAD264F196D}.Debug|x86.Build.0 = Debug|Any CPU
		{AD2D2DB4-E781-4CF1-9B62-3AAD264F196D}.Release|Any CPU.ActiveCfg = Release|Any CPU
		{AD2D2DB4-E781-4CF1-9B62-3AAD264F196D}.Release|Any CPU.Build.0 = Release|Any CPU
		{AD2D2DB4-E781-4CF1-9B62-3AAD264F196D}.Release|ARM.ActiveCfg = Release|Any CPU
		{AD2D2DB4-E781-4CF1-9B62-3AAD264F196D}.Release|ARM.Build.0 = Release|Any CPU
		{AD2D2DB4-E781-4CF1-9B62-3AAD264F196D}.Release|iPhone.ActiveCfg = Release|Any CPU
		{AD2D2DB4-E781-4CF1-9B62-3AAD264F196D}.Release|iPhoneSimulator.ActiveCfg = Release|Any CPU
		{AD2D2DB4-E781-4CF1-9B62-3AAD264F196D}.Release|Mixed Platforms.ActiveCfg = Release|Any CPU
		{AD2D2DB4-E781-4CF1-9B62-3AAD264F196D}.Release|Mixed Platforms.Build.0 = Release|Any CPU
		{AD2D2DB4-E781-4CF1-9B62-3AAD264F196D}.Release|x64.ActiveCfg = Release|Any CPU
		{AD2D2DB4-E781-4CF1-9B62-3AAD264F196D}.Release|x64.Build.0 = Release|Any CPU
		{AD2D2DB4-E781-4CF1-9B62-3AAD264F196D}.Release|x86.ActiveCfg = Release|Any CPU
		{AD2D2DB4-E781-4CF1-9B62-3AAD264F196D}.Release|x86.Build.0 = Release|Any CPU
		{8F65210E-18B6-403C-92B6-596EB665C5FE}.AppVeyor|Any CPU.ActiveCfg = AppVeyor|Any CPU
		{8F65210E-18B6-403C-92B6-596EB665C5FE}.AppVeyor|ARM.ActiveCfg = AppVeyor|Any CPU
		{8F65210E-18B6-403C-92B6-596EB665C5FE}.AppVeyor|ARM.Build.0 = AppVeyor|Any CPU
		{8F65210E-18B6-403C-92B6-596EB665C5FE}.AppVeyor|iPhone.ActiveCfg = AppVeyor|Any CPU
		{8F65210E-18B6-403C-92B6-596EB665C5FE}.AppVeyor|iPhone.Build.0 = AppVeyor|Any CPU
		{8F65210E-18B6-403C-92B6-596EB665C5FE}.AppVeyor|iPhoneSimulator.ActiveCfg = AppVeyor|Any CPU
		{8F65210E-18B6-403C-92B6-596EB665C5FE}.AppVeyor|iPhoneSimulator.Build.0 = AppVeyor|Any CPU
		{8F65210E-18B6-403C-92B6-596EB665C5FE}.AppVeyor|Mixed Platforms.ActiveCfg = AppVeyor|Any CPU
		{8F65210E-18B6-403C-92B6-596EB665C5FE}.AppVeyor|Mixed Platforms.Build.0 = AppVeyor|Any CPU
		{8F65210E-18B6-403C-92B6-596EB665C5FE}.AppVeyor|x64.ActiveCfg = AppVeyor|Any CPU
		{8F65210E-18B6-403C-92B6-596EB665C5FE}.AppVeyor|x64.Build.0 = AppVeyor|Any CPU
		{8F65210E-18B6-403C-92B6-596EB665C5FE}.AppVeyor|x86.ActiveCfg = AppVeyor|Any CPU
		{8F65210E-18B6-403C-92B6-596EB665C5FE}.Debug|Any CPU.ActiveCfg = Debug|Any CPU
		{8F65210E-18B6-403C-92B6-596EB665C5FE}.Debug|Any CPU.Build.0 = Debug|Any CPU
		{8F65210E-18B6-403C-92B6-596EB665C5FE}.Debug|ARM.ActiveCfg = Debug|Any CPU
		{8F65210E-18B6-403C-92B6-596EB665C5FE}.Debug|ARM.Build.0 = Debug|Any CPU
		{8F65210E-18B6-403C-92B6-596EB665C5FE}.Debug|iPhone.ActiveCfg = Debug|Any CPU
		{8F65210E-18B6-403C-92B6-596EB665C5FE}.Debug|iPhone.Build.0 = Debug|Any CPU
		{8F65210E-18B6-403C-92B6-596EB665C5FE}.Debug|iPhoneSimulator.ActiveCfg = Debug|Any CPU
		{8F65210E-18B6-403C-92B6-596EB665C5FE}.Debug|iPhoneSimulator.Build.0 = Debug|Any CPU
		{8F65210E-18B6-403C-92B6-596EB665C5FE}.Debug|Mixed Platforms.ActiveCfg = Debug|Any CPU
		{8F65210E-18B6-403C-92B6-596EB665C5FE}.Debug|Mixed Platforms.Build.0 = Debug|Any CPU
		{8F65210E-18B6-403C-92B6-596EB665C5FE}.Debug|x64.ActiveCfg = Debug|Any CPU
		{8F65210E-18B6-403C-92B6-596EB665C5FE}.Debug|x64.Build.0 = Debug|Any CPU
		{8F65210E-18B6-403C-92B6-596EB665C5FE}.Debug|x86.ActiveCfg = Debug|Any CPU
		{8F65210E-18B6-403C-92B6-596EB665C5FE}.Debug|x86.Build.0 = Debug|Any CPU
		{8F65210E-18B6-403C-92B6-596EB665C5FE}.Release|Any CPU.ActiveCfg = Release|Any CPU
		{8F65210E-18B6-403C-92B6-596EB665C5FE}.Release|Any CPU.Build.0 = Release|Any CPU
		{8F65210E-18B6-403C-92B6-596EB665C5FE}.Release|ARM.ActiveCfg = Release|Any CPU
		{8F65210E-18B6-403C-92B6-596EB665C5FE}.Release|ARM.Build.0 = Release|Any CPU
		{8F65210E-18B6-403C-92B6-596EB665C5FE}.Release|iPhone.ActiveCfg = Release|Any CPU
		{8F65210E-18B6-403C-92B6-596EB665C5FE}.Release|iPhone.Build.0 = Release|Any CPU
		{8F65210E-18B6-403C-92B6-596EB665C5FE}.Release|iPhoneSimulator.ActiveCfg = Release|Any CPU
		{8F65210E-18B6-403C-92B6-596EB665C5FE}.Release|iPhoneSimulator.Build.0 = Release|Any CPU
		{8F65210E-18B6-403C-92B6-596EB665C5FE}.Release|Mixed Platforms.ActiveCfg = Release|Any CPU
		{8F65210E-18B6-403C-92B6-596EB665C5FE}.Release|Mixed Platforms.Build.0 = Release|Any CPU
		{8F65210E-18B6-403C-92B6-596EB665C5FE}.Release|x64.ActiveCfg = Release|Any CPU
		{8F65210E-18B6-403C-92B6-596EB665C5FE}.Release|x64.Build.0 = Release|Any CPU
		{8F65210E-18B6-403C-92B6-596EB665C5FE}.Release|x86.ActiveCfg = Release|Any CPU
		{8F65210E-18B6-403C-92B6-596EB665C5FE}.Release|x86.Build.0 = Release|Any CPU
		{2802F0FB-F22C-437A-9832-E3EC09AC6853}.AppVeyor|Any CPU.ActiveCfg = AppVeyor|Any CPU
		{2802F0FB-F22C-437A-9832-E3EC09AC6853}.AppVeyor|ARM.ActiveCfg = AppVeyor|Any CPU
		{2802F0FB-F22C-437A-9832-E3EC09AC6853}.AppVeyor|ARM.Build.0 = AppVeyor|Any CPU
		{2802F0FB-F22C-437A-9832-E3EC09AC6853}.AppVeyor|ARM.Deploy.0 = AppVeyor|Any CPU
		{2802F0FB-F22C-437A-9832-E3EC09AC6853}.AppVeyor|iPhone.ActiveCfg = AppVeyor|Any CPU
		{2802F0FB-F22C-437A-9832-E3EC09AC6853}.AppVeyor|iPhone.Build.0 = AppVeyor|Any CPU
		{2802F0FB-F22C-437A-9832-E3EC09AC6853}.AppVeyor|iPhone.Deploy.0 = AppVeyor|Any CPU
		{2802F0FB-F22C-437A-9832-E3EC09AC6853}.AppVeyor|iPhoneSimulator.ActiveCfg = AppVeyor|Any CPU
		{2802F0FB-F22C-437A-9832-E3EC09AC6853}.AppVeyor|iPhoneSimulator.Build.0 = AppVeyor|Any CPU
		{2802F0FB-F22C-437A-9832-E3EC09AC6853}.AppVeyor|iPhoneSimulator.Deploy.0 = AppVeyor|Any CPU
		{2802F0FB-F22C-437A-9832-E3EC09AC6853}.AppVeyor|Mixed Platforms.ActiveCfg = AppVeyor|Any CPU
		{2802F0FB-F22C-437A-9832-E3EC09AC6853}.AppVeyor|Mixed Platforms.Build.0 = AppVeyor|Any CPU
		{2802F0FB-F22C-437A-9832-E3EC09AC6853}.AppVeyor|Mixed Platforms.Deploy.0 = AppVeyor|Any CPU
		{2802F0FB-F22C-437A-9832-E3EC09AC6853}.AppVeyor|x64.ActiveCfg = AppVeyor|Any CPU
		{2802F0FB-F22C-437A-9832-E3EC09AC6853}.AppVeyor|x64.Build.0 = AppVeyor|Any CPU
		{2802F0FB-F22C-437A-9832-E3EC09AC6853}.AppVeyor|x64.Deploy.0 = AppVeyor|Any CPU
		{2802F0FB-F22C-437A-9832-E3EC09AC6853}.AppVeyor|x86.ActiveCfg = AppVeyor|Any CPU
		{2802F0FB-F22C-437A-9832-E3EC09AC6853}.Debug|Any CPU.ActiveCfg = Debug|Any CPU
		{2802F0FB-F22C-437A-9832-E3EC09AC6853}.Debug|Any CPU.Build.0 = Debug|Any CPU
		{2802F0FB-F22C-437A-9832-E3EC09AC6853}.Debug|Any CPU.Deploy.0 = Debug|Any CPU
		{2802F0FB-F22C-437A-9832-E3EC09AC6853}.Debug|ARM.ActiveCfg = Debug|Any CPU
		{2802F0FB-F22C-437A-9832-E3EC09AC6853}.Debug|ARM.Build.0 = Debug|Any CPU
		{2802F0FB-F22C-437A-9832-E3EC09AC6853}.Debug|ARM.Deploy.0 = Debug|Any CPU
		{2802F0FB-F22C-437A-9832-E3EC09AC6853}.Debug|iPhone.ActiveCfg = Debug|Any CPU
		{2802F0FB-F22C-437A-9832-E3EC09AC6853}.Debug|iPhone.Build.0 = Debug|Any CPU
		{2802F0FB-F22C-437A-9832-E3EC09AC6853}.Debug|iPhone.Deploy.0 = Debug|Any CPU
		{2802F0FB-F22C-437A-9832-E3EC09AC6853}.Debug|iPhoneSimulator.ActiveCfg = Debug|Any CPU
		{2802F0FB-F22C-437A-9832-E3EC09AC6853}.Debug|iPhoneSimulator.Build.0 = Debug|Any CPU
		{2802F0FB-F22C-437A-9832-E3EC09AC6853}.Debug|iPhoneSimulator.Deploy.0 = Debug|Any CPU
		{2802F0FB-F22C-437A-9832-E3EC09AC6853}.Debug|Mixed Platforms.ActiveCfg = Debug|Any CPU
		{2802F0FB-F22C-437A-9832-E3EC09AC6853}.Debug|Mixed Platforms.Build.0 = Debug|Any CPU
		{2802F0FB-F22C-437A-9832-E3EC09AC6853}.Debug|Mixed Platforms.Deploy.0 = Debug|Any CPU
		{2802F0FB-F22C-437A-9832-E3EC09AC6853}.Debug|x64.ActiveCfg = Debug|Any CPU
		{2802F0FB-F22C-437A-9832-E3EC09AC6853}.Debug|x64.Build.0 = Debug|Any CPU
		{2802F0FB-F22C-437A-9832-E3EC09AC6853}.Debug|x64.Deploy.0 = Debug|Any CPU
		{2802F0FB-F22C-437A-9832-E3EC09AC6853}.Debug|x86.ActiveCfg = Debug|Any CPU
		{2802F0FB-F22C-437A-9832-E3EC09AC6853}.Debug|x86.Build.0 = Debug|Any CPU
		{2802F0FB-F22C-437A-9832-E3EC09AC6853}.Debug|x86.Deploy.0 = Debug|Any CPU
		{2802F0FB-F22C-437A-9832-E3EC09AC6853}.Release|Any CPU.ActiveCfg = Release|Any CPU
		{2802F0FB-F22C-437A-9832-E3EC09AC6853}.Release|Any CPU.Build.0 = Release|Any CPU
		{2802F0FB-F22C-437A-9832-E3EC09AC6853}.Release|Any CPU.Deploy.0 = Release|Any CPU
		{2802F0FB-F22C-437A-9832-E3EC09AC6853}.Release|ARM.ActiveCfg = Release|Any CPU
		{2802F0FB-F22C-437A-9832-E3EC09AC6853}.Release|ARM.Build.0 = Release|Any CPU
		{2802F0FB-F22C-437A-9832-E3EC09AC6853}.Release|ARM.Deploy.0 = Release|Any CPU
		{2802F0FB-F22C-437A-9832-E3EC09AC6853}.Release|iPhone.ActiveCfg = Release|Any CPU
		{2802F0FB-F22C-437A-9832-E3EC09AC6853}.Release|iPhone.Build.0 = Release|Any CPU
		{2802F0FB-F22C-437A-9832-E3EC09AC6853}.Release|iPhone.Deploy.0 = Release|Any CPU
		{2802F0FB-F22C-437A-9832-E3EC09AC6853}.Release|iPhoneSimulator.ActiveCfg = Release|Any CPU
		{2802F0FB-F22C-437A-9832-E3EC09AC6853}.Release|iPhoneSimulator.Build.0 = Release|Any CPU
		{2802F0FB-F22C-437A-9832-E3EC09AC6853}.Release|iPhoneSimulator.Deploy.0 = Release|Any CPU
		{2802F0FB-F22C-437A-9832-E3EC09AC6853}.Release|Mixed Platforms.ActiveCfg = Release|Any CPU
		{2802F0FB-F22C-437A-9832-E3EC09AC6853}.Release|Mixed Platforms.Build.0 = Release|Any CPU
		{2802F0FB-F22C-437A-9832-E3EC09AC6853}.Release|Mixed Platforms.Deploy.0 = Release|Any CPU
		{2802F0FB-F22C-437A-9832-E3EC09AC6853}.Release|x64.ActiveCfg = Release|Any CPU
		{2802F0FB-F22C-437A-9832-E3EC09AC6853}.Release|x64.Build.0 = Release|Any CPU
		{2802F0FB-F22C-437A-9832-E3EC09AC6853}.Release|x64.Deploy.0 = Release|Any CPU
		{2802F0FB-F22C-437A-9832-E3EC09AC6853}.Release|x86.ActiveCfg = Release|Any CPU
		{2802F0FB-F22C-437A-9832-E3EC09AC6853}.Release|x86.Build.0 = Release|Any CPU
		{2802F0FB-F22C-437A-9832-E3EC09AC6853}.Release|x86.Deploy.0 = Release|Any CPU
		{F7976027-FDBD-47FA-917D-AD6DDB0CCE04}.AppVeyor|Any CPU.ActiveCfg = AppVeyor|iPhone
		{F7976027-FDBD-47FA-917D-AD6DDB0CCE04}.AppVeyor|ARM.ActiveCfg = AppVeyor|iPhone
		{F7976027-FDBD-47FA-917D-AD6DDB0CCE04}.AppVeyor|iPhone.ActiveCfg = AppVeyor|iPhone
		{F7976027-FDBD-47FA-917D-AD6DDB0CCE04}.AppVeyor|iPhone.Build.0 = AppVeyor|iPhone
		{F7976027-FDBD-47FA-917D-AD6DDB0CCE04}.AppVeyor|iPhoneSimulator.ActiveCfg = AppVeyor|iPhoneSimulator
		{F7976027-FDBD-47FA-917D-AD6DDB0CCE04}.AppVeyor|iPhoneSimulator.Build.0 = AppVeyor|iPhoneSimulator
		{F7976027-FDBD-47FA-917D-AD6DDB0CCE04}.AppVeyor|Mixed Platforms.ActiveCfg = AppVeyor|iPhone
		{F7976027-FDBD-47FA-917D-AD6DDB0CCE04}.AppVeyor|Mixed Platforms.Build.0 = AppVeyor|iPhone
		{F7976027-FDBD-47FA-917D-AD6DDB0CCE04}.AppVeyor|x64.ActiveCfg = AppVeyor|iPhone
		{F7976027-FDBD-47FA-917D-AD6DDB0CCE04}.AppVeyor|x86.ActiveCfg = AppVeyor|iPhone
		{F7976027-FDBD-47FA-917D-AD6DDB0CCE04}.Debug|Any CPU.ActiveCfg = Debug|iPhone
		{F7976027-FDBD-47FA-917D-AD6DDB0CCE04}.Debug|ARM.ActiveCfg = Debug|iPhone
		{F7976027-FDBD-47FA-917D-AD6DDB0CCE04}.Debug|iPhone.ActiveCfg = Debug|iPhone
		{F7976027-FDBD-47FA-917D-AD6DDB0CCE04}.Debug|iPhone.Build.0 = Debug|iPhone
		{F7976027-FDBD-47FA-917D-AD6DDB0CCE04}.Debug|iPhoneSimulator.ActiveCfg = Debug|iPhoneSimulator
		{F7976027-FDBD-47FA-917D-AD6DDB0CCE04}.Debug|iPhoneSimulator.Build.0 = Debug|iPhoneSimulator
		{F7976027-FDBD-47FA-917D-AD6DDB0CCE04}.Debug|Mixed Platforms.ActiveCfg = Debug|iPhone
		{F7976027-FDBD-47FA-917D-AD6DDB0CCE04}.Debug|Mixed Platforms.Build.0 = Debug|iPhone
		{F7976027-FDBD-47FA-917D-AD6DDB0CCE04}.Debug|x64.ActiveCfg = Debug|iPhone
		{F7976027-FDBD-47FA-917D-AD6DDB0CCE04}.Debug|x86.ActiveCfg = Debug|iPhone
		{F7976027-FDBD-47FA-917D-AD6DDB0CCE04}.Release|Any CPU.ActiveCfg = Release|iPhone
		{F7976027-FDBD-47FA-917D-AD6DDB0CCE04}.Release|ARM.ActiveCfg = Release|iPhone
		{F7976027-FDBD-47FA-917D-AD6DDB0CCE04}.Release|iPhone.ActiveCfg = Release|iPhone
		{F7976027-FDBD-47FA-917D-AD6DDB0CCE04}.Release|iPhone.Build.0 = Release|iPhone
		{F7976027-FDBD-47FA-917D-AD6DDB0CCE04}.Release|iPhoneSimulator.ActiveCfg = Release|iPhoneSimulator
		{F7976027-FDBD-47FA-917D-AD6DDB0CCE04}.Release|iPhoneSimulator.Build.0 = Release|iPhoneSimulator
		{F7976027-FDBD-47FA-917D-AD6DDB0CCE04}.Release|Mixed Platforms.ActiveCfg = Release|iPhone
		{F7976027-FDBD-47FA-917D-AD6DDB0CCE04}.Release|Mixed Platforms.Build.0 = Release|iPhone
		{F7976027-FDBD-47FA-917D-AD6DDB0CCE04}.Release|x64.ActiveCfg = Release|iPhone
		{F7976027-FDBD-47FA-917D-AD6DDB0CCE04}.Release|x86.ActiveCfg = Release|iPhone
		{3BC7362E-DFEF-4A5F-BDF1-592ACAEA5377}.AppVeyor|Any CPU.ActiveCfg = AppVeyor|Any CPU
		{3BC7362E-DFEF-4A5F-BDF1-592ACAEA5377}.AppVeyor|ARM.ActiveCfg = AppVeyor|Any CPU
		{3BC7362E-DFEF-4A5F-BDF1-592ACAEA5377}.AppVeyor|ARM.Build.0 = AppVeyor|Any CPU
		{3BC7362E-DFEF-4A5F-BDF1-592ACAEA5377}.AppVeyor|iPhone.ActiveCfg = AppVeyor|Any CPU
		{3BC7362E-DFEF-4A5F-BDF1-592ACAEA5377}.AppVeyor|iPhone.Build.0 = AppVeyor|Any CPU
		{3BC7362E-DFEF-4A5F-BDF1-592ACAEA5377}.AppVeyor|iPhoneSimulator.ActiveCfg = AppVeyor|Any CPU
		{3BC7362E-DFEF-4A5F-BDF1-592ACAEA5377}.AppVeyor|iPhoneSimulator.Build.0 = AppVeyor|Any CPU
		{3BC7362E-DFEF-4A5F-BDF1-592ACAEA5377}.AppVeyor|Mixed Platforms.ActiveCfg = AppVeyor|Any CPU
		{3BC7362E-DFEF-4A5F-BDF1-592ACAEA5377}.AppVeyor|Mixed Platforms.Build.0 = AppVeyor|Any CPU
		{3BC7362E-DFEF-4A5F-BDF1-592ACAEA5377}.AppVeyor|x64.ActiveCfg = AppVeyor|Any CPU
		{3BC7362E-DFEF-4A5F-BDF1-592ACAEA5377}.AppVeyor|x64.Build.0 = AppVeyor|Any CPU
		{3BC7362E-DFEF-4A5F-BDF1-592ACAEA5377}.AppVeyor|x86.ActiveCfg = AppVeyor|Any CPU
		{3BC7362E-DFEF-4A5F-BDF1-592ACAEA5377}.Debug|Any CPU.ActiveCfg = Debug|Any CPU
		{3BC7362E-DFEF-4A5F-BDF1-592ACAEA5377}.Debug|Any CPU.Build.0 = Debug|Any CPU
		{3BC7362E-DFEF-4A5F-BDF1-592ACAEA5377}.Debug|ARM.ActiveCfg = Debug|Any CPU
		{3BC7362E-DFEF-4A5F-BDF1-592ACAEA5377}.Debug|ARM.Build.0 = Debug|Any CPU
		{3BC7362E-DFEF-4A5F-BDF1-592ACAEA5377}.Debug|iPhone.ActiveCfg = Debug|Any CPU
		{3BC7362E-DFEF-4A5F-BDF1-592ACAEA5377}.Debug|iPhone.Build.0 = Debug|Any CPU
		{3BC7362E-DFEF-4A5F-BDF1-592ACAEA5377}.Debug|iPhoneSimulator.ActiveCfg = Debug|Any CPU
		{3BC7362E-DFEF-4A5F-BDF1-592ACAEA5377}.Debug|iPhoneSimulator.Build.0 = Debug|Any CPU
		{3BC7362E-DFEF-4A5F-BDF1-592ACAEA5377}.Debug|Mixed Platforms.ActiveCfg = Debug|Any CPU
		{3BC7362E-DFEF-4A5F-BDF1-592ACAEA5377}.Debug|Mixed Platforms.Build.0 = Debug|Any CPU
		{3BC7362E-DFEF-4A5F-BDF1-592ACAEA5377}.Debug|x64.ActiveCfg = Debug|Any CPU
		{3BC7362E-DFEF-4A5F-BDF1-592ACAEA5377}.Debug|x64.Build.0 = Debug|Any CPU
		{3BC7362E-DFEF-4A5F-BDF1-592ACAEA5377}.Debug|x86.ActiveCfg = Debug|Any CPU
		{3BC7362E-DFEF-4A5F-BDF1-592ACAEA5377}.Debug|x86.Build.0 = Debug|Any CPU
		{3BC7362E-DFEF-4A5F-BDF1-592ACAEA5377}.Release|Any CPU.ActiveCfg = Release|Any CPU
		{3BC7362E-DFEF-4A5F-BDF1-592ACAEA5377}.Release|Any CPU.Build.0 = Release|Any CPU
		{3BC7362E-DFEF-4A5F-BDF1-592ACAEA5377}.Release|ARM.ActiveCfg = Release|Any CPU
		{3BC7362E-DFEF-4A5F-BDF1-592ACAEA5377}.Release|ARM.Build.0 = Release|Any CPU
		{3BC7362E-DFEF-4A5F-BDF1-592ACAEA5377}.Release|iPhone.ActiveCfg = Release|Any CPU
		{3BC7362E-DFEF-4A5F-BDF1-592ACAEA5377}.Release|iPhone.Build.0 = Release|Any CPU
		{3BC7362E-DFEF-4A5F-BDF1-592ACAEA5377}.Release|iPhoneSimulator.ActiveCfg = Release|Any CPU
		{3BC7362E-DFEF-4A5F-BDF1-592ACAEA5377}.Release|iPhoneSimulator.Build.0 = Release|Any CPU
		{3BC7362E-DFEF-4A5F-BDF1-592ACAEA5377}.Release|Mixed Platforms.ActiveCfg = Release|Any CPU
		{3BC7362E-DFEF-4A5F-BDF1-592ACAEA5377}.Release|Mixed Platforms.Build.0 = Release|Any CPU
		{3BC7362E-DFEF-4A5F-BDF1-592ACAEA5377}.Release|x64.ActiveCfg = Release|Any CPU
		{3BC7362E-DFEF-4A5F-BDF1-592ACAEA5377}.Release|x64.Build.0 = Release|Any CPU
		{3BC7362E-DFEF-4A5F-BDF1-592ACAEA5377}.Release|x86.ActiveCfg = Release|Any CPU
		{3BC7362E-DFEF-4A5F-BDF1-592ACAEA5377}.Release|x86.Build.0 = Release|Any CPU
		{5AA8381E-2CC7-46FD-93A2-00B03041F113}.AppVeyor|Any CPU.ActiveCfg = AppVeyor|Any CPU
		{5AA8381E-2CC7-46FD-93A2-00B03041F113}.AppVeyor|ARM.ActiveCfg = AppVeyor|Any CPU
		{5AA8381E-2CC7-46FD-93A2-00B03041F113}.AppVeyor|ARM.Build.0 = AppVeyor|Any CPU
		{5AA8381E-2CC7-46FD-93A2-00B03041F113}.AppVeyor|ARM.Deploy.0 = AppVeyor|Any CPU
		{5AA8381E-2CC7-46FD-93A2-00B03041F113}.AppVeyor|iPhone.ActiveCfg = AppVeyor|Any CPU
		{5AA8381E-2CC7-46FD-93A2-00B03041F113}.AppVeyor|iPhone.Build.0 = AppVeyor|Any CPU
		{5AA8381E-2CC7-46FD-93A2-00B03041F113}.AppVeyor|iPhone.Deploy.0 = AppVeyor|Any CPU
		{5AA8381E-2CC7-46FD-93A2-00B03041F113}.AppVeyor|iPhoneSimulator.ActiveCfg = AppVeyor|Any CPU
		{5AA8381E-2CC7-46FD-93A2-00B03041F113}.AppVeyor|iPhoneSimulator.Build.0 = AppVeyor|Any CPU
		{5AA8381E-2CC7-46FD-93A2-00B03041F113}.AppVeyor|iPhoneSimulator.Deploy.0 = AppVeyor|Any CPU
		{5AA8381E-2CC7-46FD-93A2-00B03041F113}.AppVeyor|Mixed Platforms.ActiveCfg = AppVeyor|Any CPU
		{5AA8381E-2CC7-46FD-93A2-00B03041F113}.AppVeyor|Mixed Platforms.Build.0 = AppVeyor|Any CPU
		{5AA8381E-2CC7-46FD-93A2-00B03041F113}.AppVeyor|Mixed Platforms.Deploy.0 = AppVeyor|Any CPU
		{5AA8381E-2CC7-46FD-93A2-00B03041F113}.AppVeyor|x64.ActiveCfg = AppVeyor|Any CPU
		{5AA8381E-2CC7-46FD-93A2-00B03041F113}.AppVeyor|x64.Build.0 = AppVeyor|Any CPU
		{5AA8381E-2CC7-46FD-93A2-00B03041F113}.AppVeyor|x64.Deploy.0 = AppVeyor|Any CPU
		{5AA8381E-2CC7-46FD-93A2-00B03041F113}.AppVeyor|x86.ActiveCfg = AppVeyor|Any CPU
		{5AA8381E-2CC7-46FD-93A2-00B03041F113}.Debug|Any CPU.ActiveCfg = Debug|Any CPU
		{5AA8381E-2CC7-46FD-93A2-00B03041F113}.Debug|Any CPU.Build.0 = Debug|Any CPU
		{5AA8381E-2CC7-46FD-93A2-00B03041F113}.Debug|Any CPU.Deploy.0 = Debug|Any CPU
		{5AA8381E-2CC7-46FD-93A2-00B03041F113}.Debug|ARM.ActiveCfg = Debug|Any CPU
		{5AA8381E-2CC7-46FD-93A2-00B03041F113}.Debug|ARM.Build.0 = Debug|Any CPU
		{5AA8381E-2CC7-46FD-93A2-00B03041F113}.Debug|ARM.Deploy.0 = Debug|Any CPU
		{5AA8381E-2CC7-46FD-93A2-00B03041F113}.Debug|iPhone.ActiveCfg = Debug|Any CPU
		{5AA8381E-2CC7-46FD-93A2-00B03041F113}.Debug|iPhone.Build.0 = Debug|Any CPU
		{5AA8381E-2CC7-46FD-93A2-00B03041F113}.Debug|iPhone.Deploy.0 = Debug|Any CPU
		{5AA8381E-2CC7-46FD-93A2-00B03041F113}.Debug|iPhoneSimulator.ActiveCfg = Debug|Any CPU
		{5AA8381E-2CC7-46FD-93A2-00B03041F113}.Debug|iPhoneSimulator.Build.0 = Debug|Any CPU
		{5AA8381E-2CC7-46FD-93A2-00B03041F113}.Debug|iPhoneSimulator.Deploy.0 = Debug|Any CPU
		{5AA8381E-2CC7-46FD-93A2-00B03041F113}.Debug|Mixed Platforms.ActiveCfg = Debug|Any CPU
		{5AA8381E-2CC7-46FD-93A2-00B03041F113}.Debug|Mixed Platforms.Build.0 = Debug|Any CPU
		{5AA8381E-2CC7-46FD-93A2-00B03041F113}.Debug|Mixed Platforms.Deploy.0 = Debug|Any CPU
		{5AA8381E-2CC7-46FD-93A2-00B03041F113}.Debug|x64.ActiveCfg = Debug|Any CPU
		{5AA8381E-2CC7-46FD-93A2-00B03041F113}.Debug|x64.Build.0 = Debug|Any CPU
		{5AA8381E-2CC7-46FD-93A2-00B03041F113}.Debug|x64.Deploy.0 = Debug|Any CPU
		{5AA8381E-2CC7-46FD-93A2-00B03041F113}.Debug|x86.ActiveCfg = Debug|Any CPU
		{5AA8381E-2CC7-46FD-93A2-00B03041F113}.Debug|x86.Build.0 = Debug|Any CPU
		{5AA8381E-2CC7-46FD-93A2-00B03041F113}.Debug|x86.Deploy.0 = Debug|Any CPU
		{5AA8381E-2CC7-46FD-93A2-00B03041F113}.Release|Any CPU.ActiveCfg = Release|Any CPU
		{5AA8381E-2CC7-46FD-93A2-00B03041F113}.Release|Any CPU.Build.0 = Release|Any CPU
		{5AA8381E-2CC7-46FD-93A2-00B03041F113}.Release|Any CPU.Deploy.0 = Release|Any CPU
		{5AA8381E-2CC7-46FD-93A2-00B03041F113}.Release|ARM.ActiveCfg = Release|Any CPU
		{5AA8381E-2CC7-46FD-93A2-00B03041F113}.Release|ARM.Build.0 = Release|Any CPU
		{5AA8381E-2CC7-46FD-93A2-00B03041F113}.Release|ARM.Deploy.0 = Release|Any CPU
		{5AA8381E-2CC7-46FD-93A2-00B03041F113}.Release|iPhone.ActiveCfg = Release|Any CPU
		{5AA8381E-2CC7-46FD-93A2-00B03041F113}.Release|iPhone.Build.0 = Release|Any CPU
		{5AA8381E-2CC7-46FD-93A2-00B03041F113}.Release|iPhone.Deploy.0 = Release|Any CPU
		{5AA8381E-2CC7-46FD-93A2-00B03041F113}.Release|iPhoneSimulator.ActiveCfg = Release|Any CPU
		{5AA8381E-2CC7-46FD-93A2-00B03041F113}.Release|iPhoneSimulator.Build.0 = Release|Any CPU
		{5AA8381E-2CC7-46FD-93A2-00B03041F113}.Release|iPhoneSimulator.Deploy.0 = Release|Any CPU
		{5AA8381E-2CC7-46FD-93A2-00B03041F113}.Release|Mixed Platforms.ActiveCfg = Release|Any CPU
		{5AA8381E-2CC7-46FD-93A2-00B03041F113}.Release|Mixed Platforms.Build.0 = Release|Any CPU
		{5AA8381E-2CC7-46FD-93A2-00B03041F113}.Release|Mixed Platforms.Deploy.0 = Release|Any CPU
		{5AA8381E-2CC7-46FD-93A2-00B03041F113}.Release|x64.ActiveCfg = Release|Any CPU
		{5AA8381E-2CC7-46FD-93A2-00B03041F113}.Release|x64.Build.0 = Release|Any CPU
		{5AA8381E-2CC7-46FD-93A2-00B03041F113}.Release|x64.Deploy.0 = Release|Any CPU
		{5AA8381E-2CC7-46FD-93A2-00B03041F113}.Release|x86.ActiveCfg = Release|Any CPU
		{5AA8381E-2CC7-46FD-93A2-00B03041F113}.Release|x86.Build.0 = Release|Any CPU
		{5AA8381E-2CC7-46FD-93A2-00B03041F113}.Release|x86.Deploy.0 = Release|Any CPU
		{AEC1EF18-E62F-4DB0-B94D-4CBF9F191192}.AppVeyor|Any CPU.ActiveCfg = AppVeyor|iPhone
		{AEC1EF18-E62F-4DB0-B94D-4CBF9F191192}.AppVeyor|ARM.ActiveCfg = AppVeyor|iPhone
		{AEC1EF18-E62F-4DB0-B94D-4CBF9F191192}.AppVeyor|iPhone.ActiveCfg = AppVeyor|iPhone
		{AEC1EF18-E62F-4DB0-B94D-4CBF9F191192}.AppVeyor|iPhone.Build.0 = AppVeyor|iPhone
		{AEC1EF18-E62F-4DB0-B94D-4CBF9F191192}.AppVeyor|iPhoneSimulator.ActiveCfg = AppVeyor|iPhoneSimulator
		{AEC1EF18-E62F-4DB0-B94D-4CBF9F191192}.AppVeyor|iPhoneSimulator.Build.0 = AppVeyor|iPhoneSimulator
		{AEC1EF18-E62F-4DB0-B94D-4CBF9F191192}.AppVeyor|Mixed Platforms.ActiveCfg = AppVeyor|iPhone
		{AEC1EF18-E62F-4DB0-B94D-4CBF9F191192}.AppVeyor|Mixed Platforms.Build.0 = AppVeyor|iPhone
		{AEC1EF18-E62F-4DB0-B94D-4CBF9F191192}.AppVeyor|x64.ActiveCfg = AppVeyor|iPhone
		{AEC1EF18-E62F-4DB0-B94D-4CBF9F191192}.AppVeyor|x86.ActiveCfg = AppVeyor|iPhone
		{AEC1EF18-E62F-4DB0-B94D-4CBF9F191192}.Debug|Any CPU.ActiveCfg = Debug|iPhone
		{AEC1EF18-E62F-4DB0-B94D-4CBF9F191192}.Debug|ARM.ActiveCfg = Debug|iPhone
		{AEC1EF18-E62F-4DB0-B94D-4CBF9F191192}.Debug|iPhone.ActiveCfg = Debug|iPhone
		{AEC1EF18-E62F-4DB0-B94D-4CBF9F191192}.Debug|iPhone.Build.0 = Debug|iPhone
		{AEC1EF18-E62F-4DB0-B94D-4CBF9F191192}.Debug|iPhoneSimulator.ActiveCfg = Debug|iPhoneSimulator
		{AEC1EF18-E62F-4DB0-B94D-4CBF9F191192}.Debug|iPhoneSimulator.Build.0 = Debug|iPhoneSimulator
		{AEC1EF18-E62F-4DB0-B94D-4CBF9F191192}.Debug|Mixed Platforms.ActiveCfg = Debug|iPhone
		{AEC1EF18-E62F-4DB0-B94D-4CBF9F191192}.Debug|Mixed Platforms.Build.0 = Debug|iPhone
		{AEC1EF18-E62F-4DB0-B94D-4CBF9F191192}.Debug|x64.ActiveCfg = Debug|iPhone
		{AEC1EF18-E62F-4DB0-B94D-4CBF9F191192}.Debug|x86.ActiveCfg = Debug|iPhone
		{AEC1EF18-E62F-4DB0-B94D-4CBF9F191192}.Release|Any CPU.ActiveCfg = Release|iPhone
		{AEC1EF18-E62F-4DB0-B94D-4CBF9F191192}.Release|ARM.ActiveCfg = Release|iPhone
		{AEC1EF18-E62F-4DB0-B94D-4CBF9F191192}.Release|iPhone.ActiveCfg = Release|iPhone
		{AEC1EF18-E62F-4DB0-B94D-4CBF9F191192}.Release|iPhone.Build.0 = Release|iPhone
		{AEC1EF18-E62F-4DB0-B94D-4CBF9F191192}.Release|iPhoneSimulator.ActiveCfg = Release|iPhoneSimulator
		{AEC1EF18-E62F-4DB0-B94D-4CBF9F191192}.Release|iPhoneSimulator.Build.0 = Release|iPhoneSimulator
		{AEC1EF18-E62F-4DB0-B94D-4CBF9F191192}.Release|Mixed Platforms.ActiveCfg = Release|iPhone
		{AEC1EF18-E62F-4DB0-B94D-4CBF9F191192}.Release|Mixed Platforms.Build.0 = Release|iPhone
		{AEC1EF18-E62F-4DB0-B94D-4CBF9F191192}.Release|x64.ActiveCfg = Release|iPhone
		{AEC1EF18-E62F-4DB0-B94D-4CBF9F191192}.Release|x86.ActiveCfg = Release|iPhone
	EndGlobalSection
	GlobalSection(SolutionProperties) = preSolution
		HideSolutionNode = FALSE
	EndGlobalSection
	GlobalSection(NestedProjects) = preSolution
		{EAB528A1-1A95-46B5-B65A-06585C2BBF41} = {D375F325-6A84-41C8-91AB-240396800C59}
		{C99F90EA-9C47-4084-995E-E7F03BF837D5} = {D375F325-6A84-41C8-91AB-240396800C59}
		{8F65210E-18B6-403C-92B6-596EB665C5FE} = {EAB528A1-1A95-46B5-B65A-06585C2BBF41}
		{2802F0FB-F22C-437A-9832-E3EC09AC6853} = {EAB528A1-1A95-46B5-B65A-06585C2BBF41}
		{F7976027-FDBD-47FA-917D-AD6DDB0CCE04} = {EAB528A1-1A95-46B5-B65A-06585C2BBF41}
		{3BC7362E-DFEF-4A5F-BDF1-592ACAEA5377} = {C99F90EA-9C47-4084-995E-E7F03BF837D5}
		{5AA8381E-2CC7-46FD-93A2-00B03041F113} = {C99F90EA-9C47-4084-995E-E7F03BF837D5}
		{AEC1EF18-E62F-4DB0-B94D-4CBF9F191192} = {C99F90EA-9C47-4084-995E-E7F03BF837D5}
	EndGlobalSection
	GlobalSection(ExtensibilityGlobals) = postSolution
		SolutionGuid = {E7FE1D34-070F-43B3-B5EF-7A6A11783C27}
	EndGlobalSection
EndGlobal
